// !$*UTF8*$!
{
	archiveVersion = 1;
	classes = {
	};
	objectVersion = 50;
	objects = {

/* Begin PBXBuildFile section */
		5230F1BB26D1B9CE00AD2EFD /* Tests_iOS.swift in Sources */ = {isa = PBXBuildFile; fileRef = 5230F1BA26D1B9CE00AD2EFD /* Tests_iOS.swift */; };
		5230F1C626D1B9CE00AD2EFD /* Tests_macOS.swift in Sources */ = {isa = PBXBuildFile; fileRef = 5230F1C526D1B9CE00AD2EFD /* Tests_macOS.swift */; };
		5230F1C826D1B9CE00AD2EFD /* AnswerMeApp.swift in Sources */ = {isa = PBXBuildFile; fileRef = 5230F19F26D1B9CD00AD2EFD /* AnswerMeApp.swift */; };
		5230F1C926D1B9CE00AD2EFD /* AnswerMeApp.swift in Sources */ = {isa = PBXBuildFile; fileRef = 5230F19F26D1B9CD00AD2EFD /* AnswerMeApp.swift */; };
		5230F1CA26D1B9CE00AD2EFD /* ContentView.swift in Sources */ = {isa = PBXBuildFile; fileRef = 5230F1A026D1B9CD00AD2EFD /* ContentView.swift */; };
		5230F1CB26D1B9CE00AD2EFD /* ContentView.swift in Sources */ = {isa = PBXBuildFile; fileRef = 5230F1A026D1B9CD00AD2EFD /* ContentView.swift */; };
		5230F1CC26D1B9CE00AD2EFD /* Assets.xcassets in Resources */ = {isa = PBXBuildFile; fileRef = 5230F1A126D1B9CE00AD2EFD /* Assets.xcassets */; };
		5230F1CD26D1B9CE00AD2EFD /* Assets.xcassets in Resources */ = {isa = PBXBuildFile; fileRef = 5230F1A126D1B9CE00AD2EFD /* Assets.xcassets */; };
		5230F1ED26D1BA2300AD2EFD /* Developer.swift in Sources */ = {isa = PBXBuildFile; fileRef = 5230F1DD26D1BA2200AD2EFD /* Developer.swift */; };
		5230F1EE26D1BA2300AD2EFD /* Developer.swift in Sources */ = {isa = PBXBuildFile; fileRef = 5230F1DD26D1BA2200AD2EFD /* Developer.swift */; };
		5230F1EF26D1BA2300AD2EFD /* AnswerMeta.swift in Sources */ = {isa = PBXBuildFile; fileRef = 5230F1DE26D1BA2200AD2EFD /* AnswerMeta.swift */; };
		5230F1F026D1BA2300AD2EFD /* AnswerMeta.swift in Sources */ = {isa = PBXBuildFile; fileRef = 5230F1DE26D1BA2200AD2EFD /* AnswerMeta.swift */; };
		5230F1F126D1BA2300AD2EFD /* Answer.swift in Sources */ = {isa = PBXBuildFile; fileRef = 5230F1DF26D1BA2200AD2EFD /* Answer.swift */; };
		5230F1F226D1BA2300AD2EFD /* Answer.swift in Sources */ = {isa = PBXBuildFile; fileRef = 5230F1DF26D1BA2200AD2EFD /* Answer.swift */; };
		5230F1F326D1BA2300AD2EFD /* RelatedTopicIcon.swift in Sources */ = {isa = PBXBuildFile; fileRef = 5230F1E026D1BA2200AD2EFD /* RelatedTopicIcon.swift */; };
		5230F1F426D1BA2300AD2EFD /* RelatedTopicIcon.swift in Sources */ = {isa = PBXBuildFile; fileRef = 5230F1E026D1BA2200AD2EFD /* RelatedTopicIcon.swift */; };
		5230F1F526D1BA2300AD2EFD /* JSONSchemaSupport.swift in Sources */ = {isa = PBXBuildFile; fileRef = 5230F1E126D1BA2300AD2EFD /* JSONSchemaSupport.swift */; };
		5230F1F626D1BA2300AD2EFD /* JSONSchemaSupport.swift in Sources */ = {isa = PBXBuildFile; fileRef = 5230F1E126D1BA2300AD2EFD /* JSONSchemaSupport.swift */; };
		5230F1F726D1BA2300AD2EFD /* SrcOptions.swift in Sources */ = {isa = PBXBuildFile; fileRef = 5230F1E226D1BA2300AD2EFD /* SrcOptions.swift */; };
		5230F1F826D1BA2300AD2EFD /* SrcOptions.swift in Sources */ = {isa = PBXBuildFile; fileRef = 5230F1E226D1BA2300AD2EFD /* SrcOptions.swift */; };
		5230F1F926D1BA2300AD2EFD /* WikiOrder.swift in Sources */ = {isa = PBXBuildFile; fileRef = 5230F1E326D1BA2300AD2EFD /* WikiOrder.swift */; };
		5230F1FA26D1BA2300AD2EFD /* WikiOrder.swift in Sources */ = {isa = PBXBuildFile; fileRef = 5230F1E326D1BA2300AD2EFD /* WikiOrder.swift */; };
		5230F1FB26D1BA2300AD2EFD /* ValueClass.swift in Sources */ = {isa = PBXBuildFile; fileRef = 5230F1E426D1BA2300AD2EFD /* ValueClass.swift */; };
		5230F1FC26D1BA2300AD2EFD /* ValueClass.swift in Sources */ = {isa = PBXBuildFile; fileRef = 5230F1E426D1BA2300AD2EFD /* ValueClass.swift */; };
		5230F1FD26D1BA2300AD2EFD /* MetaElement.swift in Sources */ = {isa = PBXBuildFile; fileRef = 5230F1E526D1BA2300AD2EFD /* MetaElement.swift */; };
		5230F1FE26D1BA2300AD2EFD /* MetaElement.swift in Sources */ = {isa = PBXBuildFile; fileRef = 5230F1E526D1BA2300AD2EFD /* MetaElement.swift */; };
		5230F1FF26D1BA2300AD2EFD /* Content.swift in Sources */ = {isa = PBXBuildFile; fileRef = 5230F1E626D1BA2300AD2EFD /* Content.swift */; };
		5230F20026D1BA2300AD2EFD /* Content.swift in Sources */ = {isa = PBXBuildFile; fileRef = 5230F1E626D1BA2300AD2EFD /* Content.swift */; };
		5230F20126D1BA2300AD2EFD /* RelatedTopic.swift in Sources */ = {isa = PBXBuildFile; fileRef = 5230F1E726D1BA2300AD2EFD /* RelatedTopic.swift */; };
		5230F20226D1BA2300AD2EFD /* RelatedTopic.swift in Sources */ = {isa = PBXBuildFile; fileRef = 5230F1E726D1BA2300AD2EFD /* RelatedTopic.swift */; };
		5230F20326D1BA2300AD2EFD /* ValueUnion.swift in Sources */ = {isa = PBXBuildFile; fileRef = 5230F1E826D1BA2300AD2EFD /* ValueUnion.swift */; };
		5230F20426D1BA2300AD2EFD /* ValueUnion.swift in Sources */ = {isa = PBXBuildFile; fileRef = 5230F1E826D1BA2300AD2EFD /* ValueUnion.swift */; };
		5230F20526D1BA2300AD2EFD /* ResultIcon.swift in Sources */ = {isa = PBXBuildFile; fileRef = 5230F1E926D1BA2300AD2EFD /* ResultIcon.swift */; };
		5230F20626D1BA2300AD2EFD /* ResultIcon.swift in Sources */ = {isa = PBXBuildFile; fileRef = 5230F1E926D1BA2300AD2EFD /* ResultIcon.swift */; };
		5230F20726D1BA2300AD2EFD /* Result.swift in Sources */ = {isa = PBXBuildFile; fileRef = 5230F1EA26D1BA2300AD2EFD /* Result.swift */; };
		5230F20826D1BA2300AD2EFD /* Result.swift in Sources */ = {isa = PBXBuildFile; fileRef = 5230F1EA26D1BA2300AD2EFD /* Result.swift */; };
		5230F20926D1BA2300AD2EFD /* Infobox.swift in Sources */ = {isa = PBXBuildFile; fileRef = 5230F1EB26D1BA2300AD2EFD /* Infobox.swift */; };
		5230F20A26D1BA2300AD2EFD /* Infobox.swift in Sources */ = {isa = PBXBuildFile; fileRef = 5230F1EB26D1BA2300AD2EFD /* Infobox.swift */; };
		5230F20B26D1BA2300AD2EFD /* Maintainer.swift in Sources */ = {isa = PBXBuildFile; fileRef = 5230F1EC26D1BA2300AD2EFD /* Maintainer.swift */; };
		5230F20C26D1BA2300AD2EFD /* Maintainer.swift in Sources */ = {isa = PBXBuildFile; fileRef = 5230F1EC26D1BA2300AD2EFD /* Maintainer.swift */; };
		5230F20E26D1BA4700AD2EFD /* EightBall.swift in Sources */ = {isa = PBXBuildFile; fileRef = 5230F20D26D1BA4700AD2EFD /* EightBall.swift */; };
		5230F20F26D1BA4700AD2EFD /* EightBall.swift in Sources */ = {isa = PBXBuildFile; fileRef = 5230F20D26D1BA4700AD2EFD /* EightBall.swift */; };
		5230F21126D1C0E900AD2EFD /* String+html.swift in Sources */ = {isa = PBXBuildFile; fileRef = 5230F21026D1C0E900AD2EFD /* String+html.swift */; };
		5230F21226D1C0E900AD2EFD /* String+html.swift in Sources */ = {isa = PBXBuildFile; fileRef = 5230F21026D1C0E900AD2EFD /* String+html.swift */; };
		5230F22426D1C3F600AD2EFD /* Topic.swift in Sources */ = {isa = PBXBuildFile; fileRef = 5230F21726D1C3F600AD2EFD /* Topic.swift */; };
		5230F22526D1C3F600AD2EFD /* Topic.swift in Sources */ = {isa = PBXBuildFile; fileRef = 5230F21726D1C3F600AD2EFD /* Topic.swift */; };
		5230F22626D1C3F600AD2EFD /* TopicIcon.swift in Sources */ = {isa = PBXBuildFile; fileRef = 5230F21826D1C3F600AD2EFD /* TopicIcon.swift */; };
		5230F22726D1C3F600AD2EFD /* TopicIcon.swift in Sources */ = {isa = PBXBuildFile; fileRef = 5230F21826D1C3F600AD2EFD /* TopicIcon.swift */; };
		5230F22C26D1C3F600AD2EFD /* Meta.swift in Sources */ = {isa = PBXBuildFile; fileRef = 5230F21B26D1C3F600AD2EFD /* Meta.swift */; };
		5230F22D26D1C3F600AD2EFD /* Meta.swift in Sources */ = {isa = PBXBuildFile; fileRef = 5230F21B26D1C3F600AD2EFD /* Meta.swift */; };
		5230F23026D1C3F600AD2EFD /* Height.swift in Sources */ = {isa = PBXBuildFile; fileRef = 5230F21D26D1C3F600AD2EFD /* Height.swift */; };
		5230F23126D1C3F600AD2EFD /* Height.swift in Sources */ = {isa = PBXBuildFile; fileRef = 5230F21D26D1C3F600AD2EFD /* Height.swift */; };
		5230F23226D1C3F600AD2EFD /* UnknownAnswer.swift in Sources */ = {isa = PBXBuildFile; fileRef = 5230F21E26D1C3F600AD2EFD /* UnknownAnswer.swift */; };
		5230F23326D1C3F600AD2EFD /* UnknownAnswer.swift in Sources */ = {isa = PBXBuildFile; fileRef = 5230F21E26D1C3F600AD2EFD /* UnknownAnswer.swift */; };
		5230F23A26D1C94E00AD2EFD /* Data+prettyPrintJSON.swift in Sources */ = {isa = PBXBuildFile; fileRef = 5230F23926D1C94E00AD2EFD /* Data+prettyPrintJSON.swift */; };
		5230F23B26D1C94E00AD2EFD /* Data+prettyPrintJSON.swift in Sources */ = {isa = PBXBuildFile; fileRef = 5230F23926D1C94E00AD2EFD /* Data+prettyPrintJSON.swift */; };
/* End PBXBuildFile section */

/* Begin PBXContainerItemProxy section */
		5230F1B726D1B9CE00AD2EFD /* PBXContainerItemProxy */ = {
			isa = PBXContainerItemProxy;
			containerPortal = 5230F19A26D1B9CD00AD2EFD /* Project object */;
			proxyType = 1;
			remoteGlobalIDString = 5230F1A526D1B9CE00AD2EFD;
			remoteInfo = "AnswerMe (iOS)";
		};
		5230F1C226D1B9CE00AD2EFD /* PBXContainerItemProxy */ = {
			isa = PBXContainerItemProxy;
			containerPortal = 5230F19A26D1B9CD00AD2EFD /* Project object */;
			proxyType = 1;
			remoteGlobalIDString = 5230F1AD26D1B9CE00AD2EFD;
			remoteInfo = "AnswerMe (macOS)";
		};
/* End PBXContainerItemProxy section */

/* Begin PBXFileReference section */
		5230F19F26D1B9CD00AD2EFD /* AnswerMeApp.swift */ = {isa = PBXFileReference; lastKnownFileType = sourcecode.swift; path = AnswerMeApp.swift; sourceTree = "<group>"; };
		5230F1A026D1B9CD00AD2EFD /* ContentView.swift */ = {isa = PBXFileReference; lastKnownFileType = sourcecode.swift; path = ContentView.swift; sourceTree = "<group>"; };
		5230F1A126D1B9CE00AD2EFD /* Assets.xcassets */ = {isa = PBXFileReference; lastKnownFileType = folder.assetcatalog; path = Assets.xcassets; sourceTree = "<group>"; };
		5230F1A626D1B9CE00AD2EFD /* AnswerMe.app */ = {isa = PBXFileReference; explicitFileType = wrapper.application; includeInIndex = 0; path = AnswerMe.app; sourceTree = BUILT_PRODUCTS_DIR; };
		5230F1A926D1B9CE00AD2EFD /* Info.plist */ = {isa = PBXFileReference; lastKnownFileType = text.plist.xml; path = Info.plist; sourceTree = "<group>"; };
		5230F1AE26D1B9CE00AD2EFD /* AnswerMe.app */ = {isa = PBXFileReference; explicitFileType = wrapper.application; includeInIndex = 0; path = AnswerMe.app; sourceTree = BUILT_PRODUCTS_DIR; };
		5230F1B026D1B9CE00AD2EFD /* Info.plist */ = {isa = PBXFileReference; lastKnownFileType = text.plist.xml; path = Info.plist; sourceTree = "<group>"; };
		5230F1B126D1B9CE00AD2EFD /* macOS.entitlements */ = {isa = PBXFileReference; lastKnownFileType = text.plist.entitlements; path = macOS.entitlements; sourceTree = "<group>"; };
		5230F1B626D1B9CE00AD2EFD /* Tests iOS.xctest */ = {isa = PBXFileReference; explicitFileType = wrapper.cfbundle; includeInIndex = 0; path = "Tests iOS.xctest"; sourceTree = BUILT_PRODUCTS_DIR; };
		5230F1BA26D1B9CE00AD2EFD /* Tests_iOS.swift */ = {isa = PBXFileReference; lastKnownFileType = sourcecode.swift; path = Tests_iOS.swift; sourceTree = "<group>"; };
		5230F1BC26D1B9CE00AD2EFD /* Info.plist */ = {isa = PBXFileReference; lastKnownFileType = text.plist.xml; path = Info.plist; sourceTree = "<group>"; };
		5230F1C126D1B9CE00AD2EFD /* Tests macOS.xctest */ = {isa = PBXFileReference; explicitFileType = wrapper.cfbundle; includeInIndex = 0; path = "Tests macOS.xctest"; sourceTree = BUILT_PRODUCTS_DIR; };
		5230F1C526D1B9CE00AD2EFD /* Tests_macOS.swift */ = {isa = PBXFileReference; lastKnownFileType = sourcecode.swift; path = Tests_macOS.swift; sourceTree = "<group>"; };
		5230F1C726D1B9CE00AD2EFD /* Info.plist */ = {isa = PBXFileReference; lastKnownFileType = text.plist.xml; path = Info.plist; sourceTree = "<group>"; };
		5230F1DD26D1BA2200AD2EFD /* Developer.swift */ = {isa = PBXFileReference; fileEncoding = 4; lastKnownFileType = sourcecode.swift; path = Developer.swift; sourceTree = "<group>"; };
		5230F1DE26D1BA2200AD2EFD /* AnswerMeta.swift */ = {isa = PBXFileReference; fileEncoding = 4; lastKnownFileType = sourcecode.swift; path = AnswerMeta.swift; sourceTree = "<group>"; };
		5230F1DF26D1BA2200AD2EFD /* Answer.swift */ = {isa = PBXFileReference; fileEncoding = 4; lastKnownFileType = sourcecode.swift; path = Answer.swift; sourceTree = "<group>"; };
		5230F1E026D1BA2200AD2EFD /* RelatedTopicIcon.swift */ = {isa = PBXFileReference; fileEncoding = 4; lastKnownFileType = sourcecode.swift; path = RelatedTopicIcon.swift; sourceTree = "<group>"; };
		5230F1E126D1BA2300AD2EFD /* JSONSchemaSupport.swift */ = {isa = PBXFileReference; fileEncoding = 4; lastKnownFileType = sourcecode.swift; path = JSONSchemaSupport.swift; sourceTree = "<group>"; };
		5230F1E226D1BA2300AD2EFD /* SrcOptions.swift */ = {isa = PBXFileReference; fileEncoding = 4; lastKnownFileType = sourcecode.swift; path = SrcOptions.swift; sourceTree = "<group>"; };
		5230F1E326D1BA2300AD2EFD /* WikiOrder.swift */ = {isa = PBXFileReference; fileEncoding = 4; lastKnownFileType = sourcecode.swift; path = WikiOrder.swift; sourceTree = "<group>"; };
		5230F1E426D1BA2300AD2EFD /* ValueClass.swift */ = {isa = PBXFileReference; fileEncoding = 4; lastKnownFileType = sourcecode.swift; path = ValueClass.swift; sourceTree = "<group>"; };
		5230F1E526D1BA2300AD2EFD /* MetaElement.swift */ = {isa = PBXFileReference; fileEncoding = 4; lastKnownFileType = sourcecode.swift; path = MetaElement.swift; sourceTree = "<group>"; };
		5230F1E626D1BA2300AD2EFD /* Content.swift */ = {isa = PBXFileReference; fileEncoding = 4; lastKnownFileType = sourcecode.swift; path = Content.swift; sourceTree = "<group>"; };
		5230F1E726D1BA2300AD2EFD /* RelatedTopic.swift */ = {isa = PBXFileReference; fileEncoding = 4; lastKnownFileType = sourcecode.swift; path = RelatedTopic.swift; sourceTree = "<group>"; };
		5230F1E826D1BA2300AD2EFD /* ValueUnion.swift */ = {isa = PBXFileReference; fileEncoding = 4; lastKnownFileType = sourcecode.swift; path = ValueUnion.swift; sourceTree = "<group>"; };
		5230F1E926D1BA2300AD2EFD /* ResultIcon.swift */ = {isa = PBXFileReference; fileEncoding = 4; lastKnownFileType = sourcecode.swift; path = ResultIcon.swift; sourceTree = "<group>"; };
		5230F1EA26D1BA2300AD2EFD /* Result.swift */ = {isa = PBXFileReference; fileEncoding = 4; lastKnownFileType = sourcecode.swift; path = Result.swift; sourceTree = "<group>"; };
		5230F1EB26D1BA2300AD2EFD /* Infobox.swift */ = {isa = PBXFileReference; fileEncoding = 4; lastKnownFileType = sourcecode.swift; path = Infobox.swift; sourceTree = "<group>"; };
		5230F1EC26D1BA2300AD2EFD /* Maintainer.swift */ = {isa = PBXFileReference; fileEncoding = 4; lastKnownFileType = sourcecode.swift; path = Maintainer.swift; sourceTree = "<group>"; };
		5230F20D26D1BA4700AD2EFD /* EightBall.swift */ = {isa = PBXFileReference; lastKnownFileType = sourcecode.swift; path = EightBall.swift; sourceTree = "<group>"; };
		5230F21026D1C0E900AD2EFD /* String+html.swift */ = {isa = PBXFileReference; lastKnownFileType = sourcecode.swift; path = "String+html.swift"; sourceTree = "<group>"; };
		5230F21726D1C3F600AD2EFD /* Topic.swift */ = {isa = PBXFileReference; fileEncoding = 4; lastKnownFileType = sourcecode.swift; path = Topic.swift; sourceTree = "<group>"; };
		5230F21826D1C3F600AD2EFD /* TopicIcon.swift */ = {isa = PBXFileReference; fileEncoding = 4; lastKnownFileType = sourcecode.swift; path = TopicIcon.swift; sourceTree = "<group>"; };
		5230F21B26D1C3F600AD2EFD /* Meta.swift */ = {isa = PBXFileReference; fileEncoding = 4; lastKnownFileType = sourcecode.swift; path = Meta.swift; sourceTree = "<group>"; };
		5230F21D26D1C3F600AD2EFD /* Height.swift */ = {isa = PBXFileReference; fileEncoding = 4; lastKnownFileType = sourcecode.swift; path = Height.swift; sourceTree = "<group>"; };
		5230F21E26D1C3F600AD2EFD /* UnknownAnswer.swift */ = {isa = PBXFileReference; fileEncoding = 4; lastKnownFileType = sourcecode.swift; path = UnknownAnswer.swift; sourceTree = "<group>"; };
		5230F23926D1C94E00AD2EFD /* Data+prettyPrintJSON.swift */ = {isa = PBXFileReference; lastKnownFileType = sourcecode.swift; path = "Data+prettyPrintJSON.swift"; sourceTree = "<group>"; };
/* End PBXFileReference section */

/* Begin PBXFrameworksBuildPhase section */
		5230F1A326D1B9CE00AD2EFD /* Frameworks */ = {
			isa = PBXFrameworksBuildPhase;
			buildActionMask = 2147483647;
			files = (
			);
			runOnlyForDeploymentPostprocessing = 0;
		};
		5230F1AB26D1B9CE00AD2EFD /* Frameworks */ = {
			isa = PBXFrameworksBuildPhase;
			buildActionMask = 2147483647;
			files = (
			);
			runOnlyForDeploymentPostprocessing = 0;
		};
		5230F1B326D1B9CE00AD2EFD /* Frameworks */ = {
			isa = PBXFrameworksBuildPhase;
			buildActionMask = 2147483647;
			files = (
			);
			runOnlyForDeploymentPostprocessing = 0;
		};
		5230F1BE26D1B9CE00AD2EFD /* Frameworks */ = {
			isa = PBXFrameworksBuildPhase;
			buildActionMask = 2147483647;
			files = (
			);
			runOnlyForDeploymentPostprocessing = 0;
		};
/* End PBXFrameworksBuildPhase section */

/* Begin PBXGroup section */
		5230F19926D1B9CD00AD2EFD = {
			isa = PBXGroup;
			children = (
				5230F19E26D1B9CD00AD2EFD /* Shared */,
				5230F1A826D1B9CE00AD2EFD /* iOS */,
				5230F1AF26D1B9CE00AD2EFD /* macOS */,
				5230F1B926D1B9CE00AD2EFD /* Tests iOS */,
				5230F1C426D1B9CE00AD2EFD /* Tests macOS */,
				5230F1A726D1B9CE00AD2EFD /* Products */,
			);
			sourceTree = "<group>";
		};
		5230F19E26D1B9CD00AD2EFD /* Shared */ = {
			isa = PBXGroup;
			children = (
				5230F20D26D1BA4700AD2EFD /* EightBall.swift */,
				5230F1DC26D1B9DF00AD2EFD /* Models */,
				5230F19F26D1B9CD00AD2EFD /* AnswerMeApp.swift */,
				5230F1A026D1B9CD00AD2EFD /* ContentView.swift */,
				5230F1A126D1B9CE00AD2EFD /* Assets.xcassets */,
				5230F21026D1C0E900AD2EFD /* String+html.swift */,
				5230F23926D1C94E00AD2EFD /* Data+prettyPrintJSON.swift */,
			);
			path = Shared;
			sourceTree = "<group>";
		};
		5230F1A726D1B9CE00AD2EFD /* Products */ = {
			isa = PBXGroup;
			children = (
				5230F1A626D1B9CE00AD2EFD /* AnswerMe.app */,
				5230F1AE26D1B9CE00AD2EFD /* AnswerMe.app */,
				5230F1B626D1B9CE00AD2EFD /* Tests iOS.xctest */,
				5230F1C126D1B9CE00AD2EFD /* Tests macOS.xctest */,
			);
			name = Products;
			sourceTree = "<group>";
		};
		5230F1A826D1B9CE00AD2EFD /* iOS */ = {
			isa = PBXGroup;
			children = (
				5230F1A926D1B9CE00AD2EFD /* Info.plist */,
			);
			path = iOS;
			sourceTree = "<group>";
		};
		5230F1AF26D1B9CE00AD2EFD /* macOS */ = {
			isa = PBXGroup;
			children = (
				5230F1B026D1B9CE00AD2EFD /* Info.plist */,
				5230F1B126D1B9CE00AD2EFD /* macOS.entitlements */,
			);
			path = macOS;
			sourceTree = "<group>";
		};
		5230F1B926D1B9CE00AD2EFD /* Tests iOS */ = {
			isa = PBXGroup;
			children = (
				5230F1BA26D1B9CE00AD2EFD /* Tests_iOS.swift */,
				5230F1BC26D1B9CE00AD2EFD /* Info.plist */,
			);
			path = "Tests iOS";
			sourceTree = "<group>";
		};
		5230F1C426D1B9CE00AD2EFD /* Tests macOS */ = {
			isa = PBXGroup;
			children = (
				5230F1C526D1B9CE00AD2EFD /* Tests_macOS.swift */,
				5230F1C726D1B9CE00AD2EFD /* Info.plist */,
			);
			path = "Tests macOS";
			sourceTree = "<group>";
		};
		5230F1DC26D1B9DF00AD2EFD /* Models */ = {
			isa = PBXGroup;
			children = (
				5230F21426D1C3E000AD2EFD /* UnknownAnswer */,
				5230F21326D1C3D300AD2EFD /* Answer */,
			);
			path = Models;
			sourceTree = "<group>";
		};
		5230F21326D1C3D300AD2EFD /* Answer */ = {
			isa = PBXGroup;
			children = (
				5230F1DF26D1BA2200AD2EFD /* Answer.swift */,
				5230F1DE26D1BA2200AD2EFD /* AnswerMeta.swift */,
				5230F1E626D1BA2300AD2EFD /* Content.swift */,
				5230F1DD26D1BA2200AD2EFD /* Developer.swift */,
				5230F1EB26D1BA2300AD2EFD /* Infobox.swift */,
				5230F1E126D1BA2300AD2EFD /* JSONSchemaSupport.swift */,
				5230F1EC26D1BA2300AD2EFD /* Maintainer.swift */,
				5230F1E526D1BA2300AD2EFD /* MetaElement.swift */,
				5230F1E726D1BA2300AD2EFD /* RelatedTopic.swift */,
				5230F1E026D1BA2200AD2EFD /* RelatedTopicIcon.swift */,
				5230F1EA26D1BA2300AD2EFD /* Result.swift */,
				5230F1E926D1BA2300AD2EFD /* ResultIcon.swift */,
				5230F1E226D1BA2300AD2EFD /* SrcOptions.swift */,
				5230F1E426D1BA2300AD2EFD /* ValueClass.swift */,
				5230F1E826D1BA2300AD2EFD /* ValueUnion.swift */,
				5230F1E326D1BA2300AD2EFD /* WikiOrder.swift */,
			);
			path = Answer;
			sourceTree = "<group>";
		};
		5230F21426D1C3E000AD2EFD /* UnknownAnswer */ = {
			isa = PBXGroup;
			children = (
				5230F21E26D1C3F600AD2EFD /* UnknownAnswer.swift */,
				5230F21D26D1C3F600AD2EFD /* Height.swift */,
				5230F21B26D1C3F600AD2EFD /* Meta.swift */,
				5230F21726D1C3F600AD2EFD /* Topic.swift */,
				5230F21826D1C3F600AD2EFD /* TopicIcon.swift */,
			);
			path = UnknownAnswer;
			sourceTree = "<group>";
		};
/* End PBXGroup section */

/* Begin PBXNativeTarget section */
		5230F1A526D1B9CE00AD2EFD /* AnswerMe (iOS) */ = {
			isa = PBXNativeTarget;
			buildConfigurationList = 5230F1D026D1B9CE00AD2EFD /* Build configuration list for PBXNativeTarget "AnswerMe (iOS)" */;
			buildPhases = (
				5230F1A226D1B9CE00AD2EFD /* Sources */,
				5230F1A326D1B9CE00AD2EFD /* Frameworks */,
				5230F1A426D1B9CE00AD2EFD /* Resources */,
			);
			buildRules = (
			);
			dependencies = (
			);
			name = "AnswerMe (iOS)";
			productName = "AnswerMe (iOS)";
			productReference = 5230F1A626D1B9CE00AD2EFD /* AnswerMe.app */;
			productType = "com.apple.product-type.application";
		};
		5230F1AD26D1B9CE00AD2EFD /* AnswerMe (macOS) */ = {
			isa = PBXNativeTarget;
			buildConfigurationList = 5230F1D326D1B9CE00AD2EFD /* Build configuration list for PBXNativeTarget "AnswerMe (macOS)" */;
			buildPhases = (
				5230F1AA26D1B9CE00AD2EFD /* Sources */,
				5230F1AB26D1B9CE00AD2EFD /* Frameworks */,
				5230F1AC26D1B9CE00AD2EFD /* Resources */,
			);
			buildRules = (
			);
			dependencies = (
			);
			name = "AnswerMe (macOS)";
			productName = "AnswerMe (macOS)";
			productReference = 5230F1AE26D1B9CE00AD2EFD /* AnswerMe.app */;
			productType = "com.apple.product-type.application";
		};
		5230F1B526D1B9CE00AD2EFD /* Tests iOS */ = {
			isa = PBXNativeTarget;
			buildConfigurationList = 5230F1D626D1B9CE00AD2EFD /* Build configuration list for PBXNativeTarget "Tests iOS" */;
			buildPhases = (
				5230F1B226D1B9CE00AD2EFD /* Sources */,
				5230F1B326D1B9CE00AD2EFD /* Frameworks */,
				5230F1B426D1B9CE00AD2EFD /* Resources */,
			);
			buildRules = (
			);
			dependencies = (
				5230F1B826D1B9CE00AD2EFD /* PBXTargetDependency */,
			);
			name = "Tests iOS";
			productName = "Tests iOS";
			productReference = 5230F1B626D1B9CE00AD2EFD /* Tests iOS.xctest */;
			productType = "com.apple.product-type.bundle.ui-testing";
		};
		5230F1C026D1B9CE00AD2EFD /* Tests macOS */ = {
			isa = PBXNativeTarget;
			buildConfigurationList = 5230F1D926D1B9CE00AD2EFD /* Build configuration list for PBXNativeTarget "Tests macOS" */;
			buildPhases = (
				5230F1BD26D1B9CE00AD2EFD /* Sources */,
				5230F1BE26D1B9CE00AD2EFD /* Frameworks */,
				5230F1BF26D1B9CE00AD2EFD /* Resources */,
			);
			buildRules = (
			);
			dependencies = (
				5230F1C326D1B9CE00AD2EFD /* PBXTargetDependency */,
			);
			name = "Tests macOS";
			productName = "Tests macOS";
			productReference = 5230F1C126D1B9CE00AD2EFD /* Tests macOS.xctest */;
			productType = "com.apple.product-type.bundle.ui-testing";
		};
/* End PBXNativeTarget section */

/* Begin PBXProject section */
		5230F19A26D1B9CD00AD2EFD /* Project object */ = {
			isa = PBXProject;
			attributes = {
				LastSwiftUpdateCheck = 1250;
				LastUpgradeCheck = 1250;
				TargetAttributes = {
					5230F1A526D1B9CE00AD2EFD = {
						CreatedOnToolsVersion = 12.5.1;
					};
					5230F1AD26D1B9CE00AD2EFD = {
						CreatedOnToolsVersion = 12.5.1;
					};
					5230F1B526D1B9CE00AD2EFD = {
						CreatedOnToolsVersion = 12.5.1;
						TestTargetID = 5230F1A526D1B9CE00AD2EFD;
					};
					5230F1C026D1B9CE00AD2EFD = {
						CreatedOnToolsVersion = 12.5.1;
						TestTargetID = 5230F1AD26D1B9CE00AD2EFD;
					};
				};
			};
			buildConfigurationList = 5230F19D26D1B9CD00AD2EFD /* Build configuration list for PBXProject "AnswerMe" */;
			compatibilityVersion = "Xcode 9.3";
			developmentRegion = en;
			hasScannedForEncodings = 0;
			knownRegions = (
				en,
				Base,
			);
			mainGroup = 5230F19926D1B9CD00AD2EFD;
			productRefGroup = 5230F1A726D1B9CE00AD2EFD /* Products */;
			projectDirPath = "";
			projectRoot = "";
			targets = (
				5230F1A526D1B9CE00AD2EFD /* AnswerMe (iOS) */,
				5230F1AD26D1B9CE00AD2EFD /* AnswerMe (macOS) */,
				5230F1B526D1B9CE00AD2EFD /* Tests iOS */,
				5230F1C026D1B9CE00AD2EFD /* Tests macOS */,
			);
		};
/* End PBXProject section */

/* Begin PBXResourcesBuildPhase section */
		5230F1A426D1B9CE00AD2EFD /* Resources */ = {
			isa = PBXResourcesBuildPhase;
			buildActionMask = 2147483647;
			files = (
				5230F1CC26D1B9CE00AD2EFD /* Assets.xcassets in Resources */,
			);
			runOnlyForDeploymentPostprocessing = 0;
		};
		5230F1AC26D1B9CE00AD2EFD /* Resources */ = {
			isa = PBXResourcesBuildPhase;
			buildActionMask = 2147483647;
			files = (
				5230F1CD26D1B9CE00AD2EFD /* Assets.xcassets in Resources */,
			);
			runOnlyForDeploymentPostprocessing = 0;
		};
		5230F1B426D1B9CE00AD2EFD /* Resources */ = {
			isa = PBXResourcesBuildPhase;
			buildActionMask = 2147483647;
			files = (
			);
			runOnlyForDeploymentPostprocessing = 0;
		};
		5230F1BF26D1B9CE00AD2EFD /* Resources */ = {
			isa = PBXResourcesBuildPhase;
			buildActionMask = 2147483647;
			files = (
			);
			runOnlyForDeploymentPostprocessing = 0;
		};
/* End PBXResourcesBuildPhase section */

/* Begin PBXSourcesBuildPhase section */
		5230F1A226D1B9CE00AD2EFD /* Sources */ = {
			isa = PBXSourcesBuildPhase;
			buildActionMask = 2147483647;
			files = (
				5230F1ED26D1BA2300AD2EFD /* Developer.swift in Sources */,
				5230F23A26D1C94E00AD2EFD /* Data+prettyPrintJSON.swift in Sources */,
				5230F22426D1C3F600AD2EFD /* Topic.swift in Sources */,
				5230F1CA26D1B9CE00AD2EFD /* ContentView.swift in Sources */,
				5230F20126D1BA2300AD2EFD /* RelatedTopic.swift in Sources */,
				5230F1F126D1BA2300AD2EFD /* Answer.swift in Sources */,
				5230F1EF26D1BA2300AD2EFD /* AnswerMeta.swift in Sources */,
				5230F1FB26D1BA2300AD2EFD /* ValueClass.swift in Sources */,
				5230F22C26D1C3F600AD2EFD /* Meta.swift in Sources */,
				5230F20726D1BA2300AD2EFD /* Result.swift in Sources */,
				5230F1F326D1BA2300AD2EFD /* RelatedTopicIcon.swift in Sources */,
				5230F1FD26D1BA2300AD2EFD /* MetaElement.swift in Sources */,
				5230F1F526D1BA2300AD2EFD /* JSONSchemaSupport.swift in Sources */,
				5230F1F926D1BA2300AD2EFD /* WikiOrder.swift in Sources */,
				5230F21126D1C0E900AD2EFD /* String+html.swift in Sources */,
				5230F20B26D1BA2300AD2EFD /* Maintainer.swift in Sources */,
				5230F20926D1BA2300AD2EFD /* Infobox.swift in Sources */,
				5230F20E26D1BA4700AD2EFD /* EightBall.swift in Sources */,
				5230F20526D1BA2300AD2EFD /* ResultIcon.swift in Sources */,
				5230F22626D1C3F600AD2EFD /* TopicIcon.swift in Sources */,
				5230F23226D1C3F600AD2EFD /* UnknownAnswer.swift in Sources */,
				5230F23026D1C3F600AD2EFD /* Height.swift in Sources */,
				5230F1C826D1B9CE00AD2EFD /* AnswerMeApp.swift in Sources */,
				5230F1F726D1BA2300AD2EFD /* SrcOptions.swift in Sources */,
				5230F1FF26D1BA2300AD2EFD /* Content.swift in Sources */,
				5230F20326D1BA2300AD2EFD /* ValueUnion.swift in Sources */,
			);
			runOnlyForDeploymentPostprocessing = 0;
		};
		5230F1AA26D1B9CE00AD2EFD /* Sources */ = {
			isa = PBXSourcesBuildPhase;
			buildActionMask = 2147483647;
			files = (
				5230F1EE26D1BA2300AD2EFD /* Developer.swift in Sources */,
				5230F23B26D1C94E00AD2EFD /* Data+prettyPrintJSON.swift in Sources */,
				5230F22526D1C3F600AD2EFD /* Topic.swift in Sources */,
				5230F1CB26D1B9CE00AD2EFD /* ContentView.swift in Sources */,
				5230F20226D1BA2300AD2EFD /* RelatedTopic.swift in Sources */,
				5230F1F226D1BA2300AD2EFD /* Answer.swift in Sources */,
				5230F1F026D1BA2300AD2EFD /* AnswerMeta.swift in Sources */,
				5230F1FC26D1BA2300AD2EFD /* ValueClass.swift in Sources */,
				5230F22D26D1C3F600AD2EFD /* Meta.swift in Sources */,
				5230F20826D1BA2300AD2EFD /* Result.swift in Sources */,
				5230F1F426D1BA2300AD2EFD /* RelatedTopicIcon.swift in Sources */,
				5230F1FE26D1BA2300AD2EFD /* MetaElement.swift in Sources */,
				5230F1F626D1BA2300AD2EFD /* JSONSchemaSupport.swift in Sources */,
				5230F1FA26D1BA2300AD2EFD /* WikiOrder.swift in Sources */,
				5230F21226D1C0E900AD2EFD /* String+html.swift in Sources */,
				5230F20C26D1BA2300AD2EFD /* Maintainer.swift in Sources */,
				5230F20A26D1BA2300AD2EFD /* Infobox.swift in Sources */,
				5230F20F26D1BA4700AD2EFD /* EightBall.swift in Sources */,
				5230F20626D1BA2300AD2EFD /* ResultIcon.swift in Sources */,
				5230F22726D1C3F600AD2EFD /* TopicIcon.swift in Sources */,
				5230F23326D1C3F600AD2EFD /* UnknownAnswer.swift in Sources */,
				5230F23126D1C3F600AD2EFD /* Height.swift in Sources */,
				5230F1C926D1B9CE00AD2EFD /* AnswerMeApp.swift in Sources */,
				5230F1F826D1BA2300AD2EFD /* SrcOptions.swift in Sources */,
				5230F20026D1BA2300AD2EFD /* Content.swift in Sources */,
				5230F20426D1BA2300AD2EFD /* ValueUnion.swift in Sources */,
			);
			runOnlyForDeploymentPostprocessing = 0;
		};
		5230F1B226D1B9CE00AD2EFD /* Sources */ = {
			isa = PBXSourcesBuildPhase;
			buildActionMask = 2147483647;
			files = (
				5230F1BB26D1B9CE00AD2EFD /* Tests_iOS.swift in Sources */,
			);
			runOnlyForDeploymentPostprocessing = 0;
		};
		5230F1BD26D1B9CE00AD2EFD /* Sources */ = {
			isa = PBXSourcesBuildPhase;
			buildActionMask = 2147483647;
			files = (
				5230F1C626D1B9CE00AD2EFD /* Tests_macOS.swift in Sources */,
			);
			runOnlyForDeploymentPostprocessing = 0;
		};
/* End PBXSourcesBuildPhase section */

/* Begin PBXTargetDependency section */
		5230F1B826D1B9CE00AD2EFD /* PBXTargetDependency */ = {
			isa = PBXTargetDependency;
			target = 5230F1A526D1B9CE00AD2EFD /* AnswerMe (iOS) */;
			targetProxy = 5230F1B726D1B9CE00AD2EFD /* PBXContainerItemProxy */;
		};
		5230F1C326D1B9CE00AD2EFD /* PBXTargetDependency */ = {
			isa = PBXTargetDependency;
			target = 5230F1AD26D1B9CE00AD2EFD /* AnswerMe (macOS) */;
			targetProxy = 5230F1C226D1B9CE00AD2EFD /* PBXContainerItemProxy */;
		};
/* End PBXTargetDependency section */

/* Begin XCBuildConfiguration section */
		5230F1CE26D1B9CE00AD2EFD /* Debug */ = {
			isa = XCBuildConfiguration;
			buildSettings = {
				ALWAYS_SEARCH_USER_PATHS = NO;
				CLANG_ANALYZER_NONNULL = YES;
				CLANG_ANALYZER_NUMBER_OBJECT_CONVERSION = YES_AGGRESSIVE;
				CLANG_CXX_LANGUAGE_STANDARD = "gnu++14";
				CLANG_CXX_LIBRARY = "libc++";
				CLANG_ENABLE_MODULES = YES;
				CLANG_ENABLE_OBJC_ARC = YES;
				CLANG_ENABLE_OBJC_WEAK = YES;
				CLANG_WARN_BLOCK_CAPTURE_AUTORELEASING = YES;
				CLANG_WARN_BOOL_CONVERSION = YES;
				CLANG_WARN_COMMA = YES;
				CLANG_WARN_CONSTANT_CONVERSION = YES;
				CLANG_WARN_DEPRECATED_OBJC_IMPLEMENTATIONS = YES;
				CLANG_WARN_DIRECT_OBJC_ISA_USAGE = YES_ERROR;
				CLANG_WARN_DOCUMENTATION_COMMENTS = YES;
				CLANG_WARN_EMPTY_BODY = YES;
				CLANG_WARN_ENUM_CONVERSION = YES;
				CLANG_WARN_INFINITE_RECURSION = YES;
				CLANG_WARN_INT_CONVERSION = YES;
				CLANG_WARN_NON_LITERAL_NULL_CONVERSION = YES;
				CLANG_WARN_OBJC_IMPLICIT_RETAIN_SELF = YES;
				CLANG_WARN_OBJC_LITERAL_CONVERSION = YES;
				CLANG_WARN_OBJC_ROOT_CLASS = YES_ERROR;
				CLANG_WARN_QUOTED_INCLUDE_IN_FRAMEWORK_HEADER = YES;
				CLANG_WARN_RANGE_LOOP_ANALYSIS = YES;
				CLANG_WARN_STRICT_PROTOTYPES = YES;
				CLANG_WARN_SUSPICIOUS_MOVE = YES;
				CLANG_WARN_UNGUARDED_AVAILABILITY = YES_AGGRESSIVE;
				CLANG_WARN_UNREACHABLE_CODE = YES;
				CLANG_WARN__DUPLICATE_METHOD_MATCH = YES;
				COPY_PHASE_STRIP = NO;
				DEBUG_INFORMATION_FORMAT = dwarf;
				ENABLE_STRICT_OBJC_MSGSEND = YES;
				ENABLE_TESTABILITY = YES;
				GCC_C_LANGUAGE_STANDARD = gnu11;
				GCC_DYNAMIC_NO_PIC = NO;
				GCC_NO_COMMON_BLOCKS = YES;
				GCC_OPTIMIZATION_LEVEL = 0;
				GCC_PREPROCESSOR_DEFINITIONS = (
					"DEBUG=1",
					"$(inherited)",
				);
				GCC_WARN_64_TO_32_BIT_CONVERSION = YES;
				GCC_WARN_ABOUT_RETURN_TYPE = YES_ERROR;
				GCC_WARN_UNDECLARED_SELECTOR = YES;
				GCC_WARN_UNINITIALIZED_AUTOS = YES_AGGRESSIVE;
				GCC_WARN_UNUSED_FUNCTION = YES;
				GCC_WARN_UNUSED_VARIABLE = YES;
				MTL_ENABLE_DEBUG_INFO = INCLUDE_SOURCE;
				MTL_FAST_MATH = YES;
				ONLY_ACTIVE_ARCH = YES;
				SWIFT_ACTIVE_COMPILATION_CONDITIONS = DEBUG;
				SWIFT_OPTIMIZATION_LEVEL = "-Onone";
			};
			name = Debug;
		};
		5230F1CF26D1B9CE00AD2EFD /* Release */ = {
			isa = XCBuildConfiguration;
			buildSettings = {
				ALWAYS_SEARCH_USER_PATHS = NO;
				CLANG_ANALYZER_NONNULL = YES;
				CLANG_ANALYZER_NUMBER_OBJECT_CONVERSION = YES_AGGRESSIVE;
				CLANG_CXX_LANGUAGE_STANDARD = "gnu++14";
				CLANG_CXX_LIBRARY = "libc++";
				CLANG_ENABLE_MODULES = YES;
				CLANG_ENABLE_OBJC_ARC = YES;
				CLANG_ENABLE_OBJC_WEAK = YES;
				CLANG_WARN_BLOCK_CAPTURE_AUTORELEASING = YES;
				CLANG_WARN_BOOL_CONVERSION = YES;
				CLANG_WARN_COMMA = YES;
				CLANG_WARN_CONSTANT_CONVERSION = YES;
				CLANG_WARN_DEPRECATED_OBJC_IMPLEMENTATIONS = YES;
				CLANG_WARN_DIRECT_OBJC_ISA_USAGE = YES_ERROR;
				CLANG_WARN_DOCUMENTATION_COMMENTS = YES;
				CLANG_WARN_EMPTY_BODY = YES;
				CLANG_WARN_ENUM_CONVERSION = YES;
				CLANG_WARN_INFINITE_RECURSION = YES;
				CLANG_WARN_INT_CONVERSION = YES;
				CLANG_WARN_NON_LITERAL_NULL_CONVERSION = YES;
				CLANG_WARN_OBJC_IMPLICIT_RETAIN_SELF = YES;
				CLANG_WARN_OBJC_LITERAL_CONVERSION = YES;
				CLANG_WARN_OBJC_ROOT_CLASS = YES_ERROR;
				CLANG_WARN_QUOTED_INCLUDE_IN_FRAMEWORK_HEADER = YES;
				CLANG_WARN_RANGE_LOOP_ANALYSIS = YES;
				CLANG_WARN_STRICT_PROTOTYPES = YES;
				CLANG_WARN_SUSPICIOUS_MOVE = YES;
				CLANG_WARN_UNGUARDED_AVAILABILITY = YES_AGGRESSIVE;
				CLANG_WARN_UNREACHABLE_CODE = YES;
				CLANG_WARN__DUPLICATE_METHOD_MATCH = YES;
				COPY_PHASE_STRIP = NO;
				DEBUG_INFORMATION_FORMAT = "dwarf-with-dsym";
				ENABLE_NS_ASSERTIONS = NO;
				ENABLE_STRICT_OBJC_MSGSEND = YES;
				GCC_C_LANGUAGE_STANDARD = gnu11;
				GCC_NO_COMMON_BLOCKS = YES;
				GCC_WARN_64_TO_32_BIT_CONVERSION = YES;
				GCC_WARN_ABOUT_RETURN_TYPE = YES_ERROR;
				GCC_WARN_UNDECLARED_SELECTOR = YES;
				GCC_WARN_UNINITIALIZED_AUTOS = YES_AGGRESSIVE;
				GCC_WARN_UNUSED_FUNCTION = YES;
				GCC_WARN_UNUSED_VARIABLE = YES;
				MTL_ENABLE_DEBUG_INFO = NO;
				MTL_FAST_MATH = YES;
				SWIFT_COMPILATION_MODE = wholemodule;
				SWIFT_OPTIMIZATION_LEVEL = "-O";
			};
			name = Release;
		};
		5230F1D126D1B9CE00AD2EFD /* Debug */ = {
			isa = XCBuildConfiguration;
			buildSettings = {
				ASSETCATALOG_COMPILER_APPICON_NAME = AppIcon;
				ASSETCATALOG_COMPILER_GLOBAL_ACCENT_COLOR_NAME = AccentColor;
				CODE_SIGN_STYLE = Automatic;
				DEVELOPMENT_TEAM = WRJ8J85K4Q;
				ENABLE_PREVIEWS = YES;
				INFOPLIST_FILE = iOS/Info.plist;
				IPHONEOS_DEPLOYMENT_TARGET = 14.0;
				LD_RUNPATH_SEARCH_PATHS = (
					"$(inherited)",
					"@executable_path/Frameworks",
				);
				PRODUCT_BUNDLE_IDENTIFIER = com.codedbydan.AnswerMe;
				PRODUCT_NAME = AnswerMe;
				SDKROOT = iphoneos;
				SWIFT_VERSION = 5.0;
				TARGETED_DEVICE_FAMILY = "1,2";
			};
			name = Debug;
		};
		5230F1D226D1B9CE00AD2EFD /* Release */ = {
			isa = XCBuildConfiguration;
			buildSettings = {
				ASSETCATALOG_COMPILER_APPICON_NAME = AppIcon;
				ASSETCATALOG_COMPILER_GLOBAL_ACCENT_COLOR_NAME = AccentColor;
				CODE_SIGN_STYLE = Automatic;
				DEVELOPMENT_TEAM = WRJ8J85K4Q;
				ENABLE_PREVIEWS = YES;
				INFOPLIST_FILE = iOS/Info.plist;
				IPHONEOS_DEPLOYMENT_TARGET = 14.0;
				LD_RUNPATH_SEARCH_PATHS = (
					"$(inherited)",
					"@executable_path/Frameworks",
				);
				PRODUCT_BUNDLE_IDENTIFIER = com.codedbydan.AnswerMe;
				PRODUCT_NAME = AnswerMe;
				SDKROOT = iphoneos;
				SWIFT_VERSION = 5.0;
				TARGETED_DEVICE_FAMILY = "1,2";
				VALIDATE_PRODUCT = YES;
			};
			name = Release;
		};
		5230F1D426D1B9CE00AD2EFD /* Debug */ = {
			isa = XCBuildConfiguration;
			buildSettings = {
				ASSETCATALOG_COMPILER_APPICON_NAME = AppIcon;
				ASSETCATALOG_COMPILER_GLOBAL_ACCENT_COLOR_NAME = AccentColor;
				CODE_SIGN_ENTITLEMENTS = macOS/macOS.entitlements;
				CODE_SIGN_STYLE = Automatic;
				COMBINE_HIDPI_IMAGES = YES;
				DEVELOPMENT_TEAM = WRJ8J85K4Q;
				ENABLE_HARDENED_RUNTIME = YES;
				ENABLE_PREVIEWS = YES;
				INFOPLIST_FILE = macOS/Info.plist;
				LD_RUNPATH_SEARCH_PATHS = (
					"$(inherited)",
					"@executable_path/../Frameworks",
				);
				MACOSX_DEPLOYMENT_TARGET = 11.0;
				PRODUCT_BUNDLE_IDENTIFIER = com.codedbydan.AnswerMe;
				PRODUCT_NAME = AnswerMe;
				SDKROOT = macosx;
				SWIFT_VERSION = 5.0;
			};
			name = Debug;
		};
		5230F1D526D1B9CE00AD2EFD /* Release */ = {
			isa = XCBuildConfiguration;
			buildSettings = {
				ASSETCATALOG_COMPILER_APPICON_NAME = AppIcon;
				ASSETCATALOG_COMPILER_GLOBAL_ACCENT_COLOR_NAME = AccentColor;
				CODE_SIGN_ENTITLEMENTS = macOS/macOS.entitlements;
				CODE_SIGN_STYLE = Automatic;
				COMBINE_HIDPI_IMAGES = YES;
				DEVELOPMENT_TEAM = WRJ8J85K4Q;
				ENABLE_HARDENED_RUNTIME = YES;
				ENABLE_PREVIEWS = YES;
				INFOPLIST_FILE = macOS/Info.plist;
				LD_RUNPATH_SEARCH_PATHS = (
					"$(inherited)",
					"@executable_path/../Frameworks",
				);
				MACOSX_DEPLOYMENT_TARGET = 11.0;
				PRODUCT_BUNDLE_IDENTIFIER = com.codedbydan.AnswerMe;
				PRODUCT_NAME = AnswerMe;
				SDKROOT = macosx;
				SWIFT_VERSION = 5.0;
			};
			name = Release;
		};
		5230F1D726D1B9CE00AD2EFD /* Debug */ = {
			isa = XCBuildConfiguration;
			buildSettings = {
				ALWAYS_EMBED_SWIFT_STANDARD_LIBRARIES = YES;
				CODE_SIGN_STYLE = Automatic;
				DEVELOPMENT_TEAM = WRJ8J85K4Q;
				INFOPLIST_FILE = "Tests iOS/Info.plist";
				IPHONEOS_DEPLOYMENT_TARGET = 14.5;
				LD_RUNPATH_SEARCH_PATHS = (
					"$(inherited)",
					"@executable_path/Frameworks",
					"@loader_path/Frameworks",
				);
				PRODUCT_BUNDLE_IDENTIFIER = "com.codedbydan.Tests-iOS";
				PRODUCT_NAME = "$(TARGET_NAME)";
				SDKROOT = iphoneos;
				SWIFT_VERSION = 5.0;
				TARGETED_DEVICE_FAMILY = "1,2";
				TEST_TARGET_NAME = "AnswerMe (iOS)";
			};
			name = Debug;
		};
		5230F1D826D1B9CE00AD2EFD /* Release */ = {
			isa = XCBuildConfiguration;
			buildSettings = {
				ALWAYS_EMBED_SWIFT_STANDARD_LIBRARIES = YES;
				CODE_SIGN_STYLE = Automatic;
				DEVELOPMENT_TEAM = WRJ8J85K4Q;
				INFOPLIST_FILE = "Tests iOS/Info.plist";
				IPHONEOS_DEPLOYMENT_TARGET = 14.5;
				LD_RUNPATH_SEARCH_PATHS = (
					"$(inherited)",
					"@executable_path/Frameworks",
					"@loader_path/Frameworks",
				);
				PRODUCT_BUNDLE_IDENTIFIER = "com.codedbydan.Tests-iOS";
				PRODUCT_NAME = "$(TARGET_NAME)";
				SDKROOT = iphoneos;
				SWIFT_VERSION = 5.0;
				TARGETED_DEVICE_FAMILY = "1,2";
				TEST_TARGET_NAME = "AnswerMe (iOS)";
				VALIDATE_PRODUCT = YES;
			};
			name = Release;
		};
		5230F1DA26D1B9CE00AD2EFD /* Debug */ = {
			isa = XCBuildConfiguration;
			buildSettings = {
				ALWAYS_EMBED_SWIFT_STANDARD_LIBRARIES = YES;
				CODE_SIGN_STYLE = Automatic;
				COMBINE_HIDPI_IMAGES = YES;
				DEVELOPMENT_TEAM = WRJ8J85K4Q;
				INFOPLIST_FILE = "Tests macOS/Info.plist";
				LD_RUNPATH_SEARCH_PATHS = (
					"$(inherited)",
					"@executable_path/../Frameworks",
					"@loader_path/../Frameworks",
				);
				MACOSX_DEPLOYMENT_TARGET = 11.3;
				PRODUCT_BUNDLE_IDENTIFIER = "com.codedbydan.Tests-macOS";
				PRODUCT_NAME = "$(TARGET_NAME)";
				SDKROOT = macosx;
				SWIFT_VERSION = 5.0;
				TEST_TARGET_NAME = "AnswerMe (macOS)";
			};
			name = Debug;
		};
		5230F1DB26D1B9CE00AD2EFD /* Release */ = {
			isa = XCBuildConfiguration;
			buildSettings = {
				ALWAYS_EMBED_SWIFT_STANDARD_LIBRARIES = YES;
				CODE_SIGN_STYLE = Automatic;
				COMBINE_HIDPI_IMAGES = YES;
				DEVELOPMENT_TEAM = WRJ8J85K4Q;
				INFOPLIST_FILE = "Tests macOS/Info.plist";
				LD_RUNPATH_SEARCH_PATHS = (
					"$(inherited)",
					"@executable_path/../Frameworks",
					"@loader_path/../Frameworks",
				);
				MACOSX_DEPLOYMENT_TARGET = 11.3;
				PRODUCT_BUNDLE_IDENTIFIER = "com.codedbydan.Tests-macOS";
				PRODUCT_NAME = "$(TARGET_NAME)";
				SDKROOT = macosx;
				SWIFT_VERSION = 5.0;
				TEST_TARGET_NAME = "AnswerMe (macOS)";
			};
			name = Release;
		};
/* End XCBuildConfiguration section */

/* Begin XCConfigurationList section */
		5230F19D26D1B9CD00AD2EFD /* Build configuration list for PBXProject "AnswerMe" */ = {
			isa = XCConfigurationList;
			buildConfigurations = (
				5230F1CE26D1B9CE00AD2EFD /* Debug */,
				5230F1CF26D1B9CE00AD2EFD /* Release */,
			);
			defaultConfigurationIsVisible = 0;
			defaultConfigurationName = Release;
		};
		5230F1D026D1B9CE00AD2EFD /* Build configuration list for PBXNativeTarget "AnswerMe (iOS)" */ = {
			isa = XCConfigurationList;
			buildConfigurations = (
				5230F1D126D1B9CE00AD2EFD /* Debug */,
				5230F1D226D1B9CE00AD2EFD /* Release */,
			);
			defaultConfigurationIsVisible = 0;
			defaultConfigurationName = Release;
		};
		5230F1D326D1B9CE00AD2EFD /* Build configuration list for PBXNativeTarget "AnswerMe (macOS)" */ = {
			isa = XCConfigurationList;
			buildConfigurations = (
				5230F1D426D1B9CE00AD2EFD /* Debug */,
				5230F1D526D1B9CE00AD2EFD /* Release */,
			);
			defaultConfigurationIsVisible = 0;
			defaultConfigurationName = Release;
		};
		5230F1D626D1B9CE00AD2EFD /* Build configuration list for PBXNativeTarget "Tests iOS" */ = {
			isa = XCConfigurationList;
			buildConfigurations = (
				5230F1D726D1B9CE00AD2EFD /* Debug */,
				5230F1D826D1B9CE00AD2EFD /* Release */,
			);
			defaultConfigurationIsVisible = 0;
			defaultConfigurationName = Release;
		};
		5230F1D926D1B9CE00AD2EFD /* Build configuration list for PBXNativeTarget "Tests macOS" */ = {
			isa = XCConfigurationList;
			buildConfigurations = (
				5230F1DA26D1B9CE00AD2EFD /* Debug */,
				5230F1DB26D1B9CE00AD2EFD /* Release */,
			);
			defaultConfigurationIsVisible = 0;
			defaultConfigurationName = Release;
		};
/* End XCConfigurationList section */
	};
	rootObject = 5230F19A26D1B9CD00AD2EFD /* Project object */;
}
