// !$*UTF8*$!
{
	archiveVersion = 1;
	classes = {
	};
	objectVersion = 52;
	objects = {

/* Begin PBXBuildFile section */
		522B792D27DBF3AB007A435D /* SwifterSwift in Frameworks */ = {isa = PBXBuildFile; productRef = 522B792C27DBF3AB007A435D /* SwifterSwift */; };
		5230F1BB26D1B9CE00AD2EFD /* Tests_iOS.swift in Sources */ = {isa = PBXBuildFile; fileRef = 5230F1BA26D1B9CE00AD2EFD /* Tests_iOS.swift */; };
		5230F1C626D1B9CE00AD2EFD /* Tests_macOS.swift in Sources */ = {isa = PBXBuildFile; fileRef = 5230F1C526D1B9CE00AD2EFD /* Tests_macOS.swift */; };
		5230F1C826D1B9CE00AD2EFD /* AnswerMeApp.swift in Sources */ = {isa = PBXBuildFile; fileRef = 5230F19F26D1B9CD00AD2EFD /* AnswerMeApp.swift */; };
		5230F1C926D1B9CE00AD2EFD /* AnswerMeApp.swift in Sources */ = {isa = PBXBuildFile; fileRef = 5230F19F26D1B9CD00AD2EFD /* AnswerMeApp.swift */; };
		5230F1CA26D1B9CE00AD2EFD /* ContentView.swift in Sources */ = {isa = PBXBuildFile; fileRef = 5230F1A026D1B9CD00AD2EFD /* ContentView.swift */; };
		5230F1CB26D1B9CE00AD2EFD /* ContentView.swift in Sources */ = {isa = PBXBuildFile; fileRef = 5230F1A026D1B9CD00AD2EFD /* ContentView.swift */; };
		5230F1CC26D1B9CE00AD2EFD /* Assets.xcassets in Resources */ = {isa = PBXBuildFile; fileRef = 5230F1A126D1B9CE00AD2EFD /* Assets.xcassets */; };
		5230F1CD26D1B9CE00AD2EFD /* Assets.xcassets in Resources */ = {isa = PBXBuildFile; fileRef = 5230F1A126D1B9CE00AD2EFD /* Assets.xcassets */; };
		526DBC4E27DEC13C0016B534 /* DDGInstantAnswer in Frameworks */ = {isa = PBXBuildFile; productRef = 526DBC4D27DEC13C0016B534 /* DDGInstantAnswer */; };
		526DBC5127DEC8CC0016B534 /* AnswerView.swift in Sources */ = {isa = PBXBuildFile; fileRef = 526DBC5027DEC8CC0016B534 /* AnswerView.swift */; };
		526DBC5227DEC8CC0016B534 /* AnswerView.swift in Sources */ = {isa = PBXBuildFile; fileRef = 526DBC5027DEC8CC0016B534 /* AnswerView.swift */; };
		526DBC5527DEC9820016B534 /* DDGInstantAnswer in Frameworks */ = {isa = PBXBuildFile; productRef = 526DBC5427DEC9820016B534 /* DDGInstantAnswer */; };
		526DBC5727DECB0C0016B534 /* NewYorkCity.json in Resources */ = {isa = PBXBuildFile; fileRef = 526DBC5627DECB0C0016B534 /* NewYorkCity.json */; };
		526DBC5827DECB0C0016B534 /* NewYorkCity.json in Resources */ = {isa = PBXBuildFile; fileRef = 526DBC5627DECB0C0016B534 /* NewYorkCity.json */; };
		526DBC5927DECB0C0016B534 /* NewYorkCity.json in Resources */ = {isa = PBXBuildFile; fileRef = 526DBC5627DECB0C0016B534 /* NewYorkCity.json */; };
		526DBC5A27DECB0C0016B534 /* NewYorkCity.json in Resources */ = {isa = PBXBuildFile; fileRef = 526DBC5627DECB0C0016B534 /* NewYorkCity.json */; };
		526DBC5D27DECBC90016B534 /* BundleFile.swift in Sources */ = {isa = PBXBuildFile; fileRef = 526DBC5C27DECBC90016B534 /* BundleFile.swift */; };
		526DBC5E27DECBC90016B534 /* BundleFile.swift in Sources */ = {isa = PBXBuildFile; fileRef = 526DBC5C27DECBC90016B534 /* BundleFile.swift */; };
		526DBC5F27DECBC90016B534 /* BundleFile.swift in Sources */ = {isa = PBXBuildFile; fileRef = 526DBC5C27DECBC90016B534 /* BundleFile.swift */; };
		526DBC6027DECBC90016B534 /* BundleFile.swift in Sources */ = {isa = PBXBuildFile; fileRef = 526DBC5C27DECBC90016B534 /* BundleFile.swift */; };
		526DBC6227DECEF50016B534 /* RelatedTopicsView.swift in Sources */ = {isa = PBXBuildFile; fileRef = 526DBC6127DECEF50016B534 /* RelatedTopicsView.swift */; };
		526DBC6327DECEF50016B534 /* RelatedTopicsView.swift in Sources */ = {isa = PBXBuildFile; fileRef = 526DBC6127DECEF50016B534 /* RelatedTopicsView.swift */; };
		526DBC6427DECEF50016B534 /* RelatedTopicsView.swift in Sources */ = {isa = PBXBuildFile; fileRef = 526DBC6127DECEF50016B534 /* RelatedTopicsView.swift */; };
		526DBC6527DECEF50016B534 /* RelatedTopicsView.swift in Sources */ = {isa = PBXBuildFile; fileRef = 526DBC6127DECEF50016B534 /* RelatedTopicsView.swift */; };
		52FE32E62A69801C009CDD53 /* UpdatedAnswerView.swift in Sources */ = {isa = PBXBuildFile; fileRef = 52FE32E52A69801C009CDD53 /* UpdatedAnswerView.swift */; };
		52FE32E82A698885009CDD53 /* AnswerableText.swift in Sources */ = {isa = PBXBuildFile; fileRef = 52FE32E72A698885009CDD53 /* AnswerableText.swift */; };
		52FE32E92A698885009CDD53 /* AnswerableText.swift in Sources */ = {isa = PBXBuildFile; fileRef = 52FE32E72A698885009CDD53 /* AnswerableText.swift */; };
/* End PBXBuildFile section */

/* Begin PBXContainerItemProxy section */
		5230F1B726D1B9CE00AD2EFD /* PBXContainerItemProxy */ = {
			isa = PBXContainerItemProxy;
			containerPortal = 5230F19A26D1B9CD00AD2EFD /* Project object */;
			proxyType = 1;
			remoteGlobalIDString = 5230F1A526D1B9CE00AD2EFD;
			remoteInfo = "AnswerMe (iOS)";
		};
		5230F1C226D1B9CE00AD2EFD /* PBXContainerItemProxy */ = {
			isa = PBXContainerItemProxy;
			containerPortal = 5230F19A26D1B9CD00AD2EFD /* Project object */;
			proxyType = 1;
			remoteGlobalIDString = 5230F1AD26D1B9CE00AD2EFD;
			remoteInfo = "AnswerMe (macOS)";
		};
/* End PBXContainerItemProxy section */

/* Begin PBXFileReference section */
		5230F19F26D1B9CD00AD2EFD /* AnswerMeApp.swift */ = {isa = PBXFileReference; lastKnownFileType = sourcecode.swift; path = AnswerMeApp.swift; sourceTree = "<group>"; };
		5230F1A026D1B9CD00AD2EFD /* ContentView.swift */ = {isa = PBXFileReference; lastKnownFileType = sourcecode.swift; path = ContentView.swift; sourceTree = "<group>"; };
		5230F1A126D1B9CE00AD2EFD /* Assets.xcassets */ = {isa = PBXFileReference; lastKnownFileType = folder.assetcatalog; path = Assets.xcassets; sourceTree = "<group>"; };
		5230F1A626D1B9CE00AD2EFD /* AnswerMe.app */ = {isa = PBXFileReference; explicitFileType = wrapper.application; includeInIndex = 0; path = AnswerMe.app; sourceTree = BUILT_PRODUCTS_DIR; };
		5230F1A926D1B9CE00AD2EFD /* Info.plist */ = {isa = PBXFileReference; lastKnownFileType = text.plist.xml; path = Info.plist; sourceTree = "<group>"; };
		5230F1AE26D1B9CE00AD2EFD /* AnswerMe.app */ = {isa = PBXFileReference; explicitFileType = wrapper.application; includeInIndex = 0; path = AnswerMe.app; sourceTree = BUILT_PRODUCTS_DIR; };
		5230F1B026D1B9CE00AD2EFD /* Info.plist */ = {isa = PBXFileReference; lastKnownFileType = text.plist.xml; path = Info.plist; sourceTree = "<group>"; };
		5230F1B126D1B9CE00AD2EFD /* macOS.entitlements */ = {isa = PBXFileReference; lastKnownFileType = text.plist.entitlements; path = macOS.entitlements; sourceTree = "<group>"; };
		5230F1B626D1B9CE00AD2EFD /* Tests iOS.xctest */ = {isa = PBXFileReference; explicitFileType = wrapper.cfbundle; includeInIndex = 0; path = "Tests iOS.xctest"; sourceTree = BUILT_PRODUCTS_DIR; };
		5230F1BA26D1B9CE00AD2EFD /* Tests_iOS.swift */ = {isa = PBXFileReference; lastKnownFileType = sourcecode.swift; path = Tests_iOS.swift; sourceTree = "<group>"; };
		5230F1BC26D1B9CE00AD2EFD /* Info.plist */ = {isa = PBXFileReference; lastKnownFileType = text.plist.xml; path = Info.plist; sourceTree = "<group>"; };
		5230F1C126D1B9CE00AD2EFD /* Tests macOS.xctest */ = {isa = PBXFileReference; explicitFileType = wrapper.cfbundle; includeInIndex = 0; path = "Tests macOS.xctest"; sourceTree = BUILT_PRODUCTS_DIR; };
		5230F1C526D1B9CE00AD2EFD /* Tests_macOS.swift */ = {isa = PBXFileReference; lastKnownFileType = sourcecode.swift; path = Tests_macOS.swift; sourceTree = "<group>"; };
		5230F1C726D1B9CE00AD2EFD /* Info.plist */ = {isa = PBXFileReference; lastKnownFileType = text.plist.xml; path = Info.plist; sourceTree = "<group>"; };
		526DBC5027DEC8CC0016B534 /* AnswerView.swift */ = {isa = PBXFileReference; lastKnownFileType = sourcecode.swift; path = AnswerView.swift; sourceTree = "<group>"; };
		526DBC5627DECB0C0016B534 /* NewYorkCity.json */ = {isa = PBXFileReference; lastKnownFileType = text.json; path = NewYorkCity.json; sourceTree = "<group>"; };
		526DBC5C27DECBC90016B534 /* BundleFile.swift */ = {isa = PBXFileReference; lastKnownFileType = sourcecode.swift; path = BundleFile.swift; sourceTree = "<group>"; };
		526DBC6127DECEF50016B534 /* RelatedTopicsView.swift */ = {isa = PBXFileReference; lastKnownFileType = sourcecode.swift; path = RelatedTopicsView.swift; sourceTree = "<group>"; };
		52FE32E52A69801C009CDD53 /* UpdatedAnswerView.swift */ = {isa = PBXFileReference; lastKnownFileType = sourcecode.swift; path = UpdatedAnswerView.swift; sourceTree = "<group>"; };
		52FE32E72A698885009CDD53 /* AnswerableText.swift */ = {isa = PBXFileReference; lastKnownFileType = sourcecode.swift; path = AnswerableText.swift; sourceTree = "<group>"; };
/* End PBXFileReference section */

/* Begin PBXFrameworksBuildPhase section */
		5230F1A326D1B9CE00AD2EFD /* Frameworks */ = {
			isa = PBXFrameworksBuildPhase;
			buildActionMask = 2147483647;
			files = (
				526DBC4E27DEC13C0016B534 /* DDGInstantAnswer in Frameworks */,
				522B792D27DBF3AB007A435D /* SwifterSwift in Frameworks */,
			);
			runOnlyForDeploymentPostprocessing = 0;
		};
		5230F1AB26D1B9CE00AD2EFD /* Frameworks */ = {
			isa = PBXFrameworksBuildPhase;
			buildActionMask = 2147483647;
			files = (
				526DBC5527DEC9820016B534 /* DDGInstantAnswer in Frameworks */,
			);
			runOnlyForDeploymentPostprocessing = 0;
		};
		5230F1B326D1B9CE00AD2EFD /* Frameworks */ = {
			isa = PBXFrameworksBuildPhase;
			buildActionMask = 2147483647;
			files = (
			);
			runOnlyForDeploymentPostprocessing = 0;
		};
		5230F1BE26D1B9CE00AD2EFD /* Frameworks */ = {
			isa = PBXFrameworksBuildPhase;
			buildActionMask = 2147483647;
			files = (
			);
			runOnlyForDeploymentPostprocessing = 0;
		};
/* End PBXFrameworksBuildPhase section */

/* Begin PBXGroup section */
		5230F19926D1B9CD00AD2EFD = {
			isa = PBXGroup;
			children = (
				5230F19E26D1B9CD00AD2EFD /* Shared */,
				5230F1A826D1B9CE00AD2EFD /* iOS */,
				5230F1AF26D1B9CE00AD2EFD /* macOS */,
				5230F1B926D1B9CE00AD2EFD /* Tests iOS */,
				5230F1C426D1B9CE00AD2EFD /* Tests macOS */,
				5230F1A726D1B9CE00AD2EFD /* Products */,
				526DBC5327DEC9820016B534 /* Frameworks */,
			);
			sourceTree = "<group>";
		};
		5230F19E26D1B9CD00AD2EFD /* Shared */ = {
			isa = PBXGroup;
			children = (
				526DBC5B27DECBB20016B534 /* PropertyWrappers */,
				526DBC5627DECB0C0016B534 /* NewYorkCity.json */,
				526DBC4F27DEC8BC0016B534 /* Views */,
				5230F19F26D1B9CD00AD2EFD /* AnswerMeApp.swift */,
				5230F1A026D1B9CD00AD2EFD /* ContentView.swift */,
				5230F1A126D1B9CE00AD2EFD /* Assets.xcassets */,
			);
			path = Shared;
			sourceTree = "<group>";
		};
		5230F1A726D1B9CE00AD2EFD /* Products */ = {
			isa = PBXGroup;
			children = (
				5230F1A626D1B9CE00AD2EFD /* AnswerMe.app */,
				5230F1AE26D1B9CE00AD2EFD /* AnswerMe.app */,
				5230F1B626D1B9CE00AD2EFD /* Tests iOS.xctest */,
				5230F1C126D1B9CE00AD2EFD /* Tests macOS.xctest */,
			);
			name = Products;
			sourceTree = "<group>";
		};
		5230F1A826D1B9CE00AD2EFD /* iOS */ = {
			isa = PBXGroup;
			children = (
				5230F1A926D1B9CE00AD2EFD /* Info.plist */,
			);
			path = iOS;
			sourceTree = "<group>";
		};
		5230F1AF26D1B9CE00AD2EFD /* macOS */ = {
			isa = PBXGroup;
			children = (
				5230F1B026D1B9CE00AD2EFD /* Info.plist */,
				5230F1B126D1B9CE00AD2EFD /* macOS.entitlements */,
			);
			path = macOS;
			sourceTree = "<group>";
		};
		5230F1B926D1B9CE00AD2EFD /* Tests iOS */ = {
			isa = PBXGroup;
			children = (
				5230F1BA26D1B9CE00AD2EFD /* Tests_iOS.swift */,
				5230F1BC26D1B9CE00AD2EFD /* Info.plist */,
			);
			path = "Tests iOS";
			sourceTree = "<group>";
		};
		5230F1C426D1B9CE00AD2EFD /* Tests macOS */ = {
			isa = PBXGroup;
			children = (
				5230F1C526D1B9CE00AD2EFD /* Tests_macOS.swift */,
				5230F1C726D1B9CE00AD2EFD /* Info.plist */,
			);
			path = "Tests macOS";
			sourceTree = "<group>";
		};
		526DBC4F27DEC8BC0016B534 /* Views */ = {
			isa = PBXGroup;
			children = (
				526DBC5027DEC8CC0016B534 /* AnswerView.swift */,
				526DBC6127DECEF50016B534 /* RelatedTopicsView.swift */,
				52FE32E52A69801C009CDD53 /* UpdatedAnswerView.swift */,
				52FE32E72A698885009CDD53 /* AnswerableText.swift */,
			);
			path = Views;
			sourceTree = "<group>";
		};
		526DBC5327DEC9820016B534 /* Frameworks */ = {
			isa = PBXGroup;
			children = (
			);
			name = Frameworks;
			sourceTree = "<group>";
		};
		526DBC5B27DECBB20016B534 /* PropertyWrappers */ = {
			isa = PBXGroup;
			children = (
				526DBC5C27DECBC90016B534 /* BundleFile.swift */,
			);
			path = PropertyWrappers;
			sourceTree = "<group>";
		};
/* End PBXGroup section */

/* Begin PBXNativeTarget section */
		5230F1A526D1B9CE00AD2EFD /* AnswerMe (iOS) */ = {
			isa = PBXNativeTarget;
			buildConfigurationList = 5230F1D026D1B9CE00AD2EFD /* Build configuration list for PBXNativeTarget "AnswerMe (iOS)" */;
			buildPhases = (
				5230F1A226D1B9CE00AD2EFD /* Sources */,
				5230F1A326D1B9CE00AD2EFD /* Frameworks */,
				5230F1A426D1B9CE00AD2EFD /* Resources */,
			);
			buildRules = (
			);
			dependencies = (
			);
			name = "AnswerMe (iOS)";
			packageProductDependencies = (
				522B792C27DBF3AB007A435D /* SwifterSwift */,
				526DBC4D27DEC13C0016B534 /* DDGInstantAnswer */,
			);
			productName = "AnswerMe (iOS)";
			productReference = 5230F1A626D1B9CE00AD2EFD /* AnswerMe.app */;
			productType = "com.apple.product-type.application";
		};
		5230F1AD26D1B9CE00AD2EFD /* AnswerMe (macOS) */ = {
			isa = PBXNativeTarget;
			buildConfigurationList = 5230F1D326D1B9CE00AD2EFD /* Build configuration list for PBXNativeTarget "AnswerMe (macOS)" */;
			buildPhases = (
				5230F1AA26D1B9CE00AD2EFD /* Sources */,
				5230F1AB26D1B9CE00AD2EFD /* Frameworks */,
				5230F1AC26D1B9CE00AD2EFD /* Resources */,
			);
			buildRules = (
			);
			dependencies = (
			);
			name = "AnswerMe (macOS)";
			packageProductDependencies = (
				526DBC5427DEC9820016B534 /* DDGInstantAnswer */,
			);
			productName = "AnswerMe (macOS)";
			productReference = 5230F1AE26D1B9CE00AD2EFD /* AnswerMe.app */;
			productType = "com.apple.product-type.application";
		};
		5230F1B526D1B9CE00AD2EFD /* Tests iOS */ = {
			isa = PBXNativeTarget;
			buildConfigurationList = 5230F1D626D1B9CE00AD2EFD /* Build configuration list for PBXNativeTarget "Tests iOS" */;
			buildPhases = (
				5230F1B226D1B9CE00AD2EFD /* Sources */,
				5230F1B326D1B9CE00AD2EFD /* Frameworks */,
				5230F1B426D1B9CE00AD2EFD /* Resources */,
			);
			buildRules = (
			);
			dependencies = (
				5230F1B826D1B9CE00AD2EFD /* PBXTargetDependency */,
			);
			name = "Tests iOS";
			productName = "Tests iOS";
			productReference = 5230F1B626D1B9CE00AD2EFD /* Tests iOS.xctest */;
			productType = "com.apple.product-type.bundle.ui-testing";
		};
		5230F1C026D1B9CE00AD2EFD /* Tests macOS */ = {
			isa = PBXNativeTarget;
			buildConfigurationList = 5230F1D926D1B9CE00AD2EFD /* Build configuration list for PBXNativeTarget "Tests macOS" */;
			buildPhases = (
				5230F1BD26D1B9CE00AD2EFD /* Sources */,
				5230F1BE26D1B9CE00AD2EFD /* Frameworks */,
				5230F1BF26D1B9CE00AD2EFD /* Resources */,
			);
			buildRules = (
			);
			dependencies = (
				5230F1C326D1B9CE00AD2EFD /* PBXTargetDependency */,
			);
			name = "Tests macOS";
			productName = "Tests macOS";
			productReference = 5230F1C126D1B9CE00AD2EFD /* Tests macOS.xctest */;
			productType = "com.apple.product-type.bundle.ui-testing";
		};
/* End PBXNativeTarget section */

/* Begin PBXProject section */
		5230F19A26D1B9CD00AD2EFD /* Project object */ = {
			isa = PBXProject;
			attributes = {
				LastSwiftUpdateCheck = 1250;
				LastUpgradeCheck = 1250;
				TargetAttributes = {
					5230F1A526D1B9CE00AD2EFD = {
						CreatedOnToolsVersion = 12.5.1;
					};
					5230F1AD26D1B9CE00AD2EFD = {
						CreatedOnToolsVersion = 12.5.1;
					};
					5230F1B526D1B9CE00AD2EFD = {
						CreatedOnToolsVersion = 12.5.1;
						TestTargetID = 5230F1A526D1B9CE00AD2EFD;
					};
					5230F1C026D1B9CE00AD2EFD = {
						CreatedOnToolsVersion = 12.5.1;
						TestTargetID = 5230F1AD26D1B9CE00AD2EFD;
					};
				};
			};
			buildConfigurationList = 5230F19D26D1B9CD00AD2EFD /* Build configuration list for PBXProject "AnswerMe" */;
			compatibilityVersion = "Xcode 9.3";
			developmentRegion = en;
			hasScannedForEncodings = 0;
			knownRegions = (
				en,
				Base,
			);
			mainGroup = 5230F19926D1B9CD00AD2EFD;
			packageReferences = (
				522B792B27DBF3AB007A435D /* XCRemoteSwiftPackageReference "SwifterSwift" */,
				526DBC4C27DEC13C0016B534 /* XCRemoteSwiftPackageReference "DDGInstantAnswer" */,
			);
			productRefGroup = 5230F1A726D1B9CE00AD2EFD /* Products */;
			projectDirPath = "";
			projectRoot = "";
			targets = (
				5230F1A526D1B9CE00AD2EFD /* AnswerMe (iOS) */,
				5230F1AD26D1B9CE00AD2EFD /* AnswerMe (macOS) */,
				5230F1B526D1B9CE00AD2EFD /* Tests iOS */,
				5230F1C026D1B9CE00AD2EFD /* Tests macOS */,
			);
		};
/* End PBXProject section */

/* Begin PBXResourcesBuildPhase section */
		5230F1A426D1B9CE00AD2EFD /* Resources */ = {
			isa = PBXResourcesBuildPhase;
			buildActionMask = 2147483647;
			files = (
				5230F1CC26D1B9CE00AD2EFD /* Assets.xcassets in Resources */,
				526DBC5727DECB0C0016B534 /* NewYorkCity.json in Resources */,
			);
			runOnlyForDeploymentPostprocessing = 0;
		};
		5230F1AC26D1B9CE00AD2EFD /* Resources */ = {
			isa = PBXResourcesBuildPhase;
			buildActionMask = 2147483647;
			files = (
				5230F1CD26D1B9CE00AD2EFD /* Assets.xcassets in Resources */,
				526DBC5827DECB0C0016B534 /* NewYorkCity.json in Resources */,
			);
			runOnlyForDeploymentPostprocessing = 0;
		};
		5230F1B426D1B9CE00AD2EFD /* Resources */ = {
			isa = PBXResourcesBuildPhase;
			buildActionMask = 2147483647;
			files = (
				526DBC5927DECB0C0016B534 /* NewYorkCity.json in Resources */,
			);
			runOnlyForDeploymentPostprocessing = 0;
		};
		5230F1BF26D1B9CE00AD2EFD /* Resources */ = {
			isa = PBXResourcesBuildPhase;
			buildActionMask = 2147483647;
			files = (
				526DBC5A27DECB0C0016B534 /* NewYorkCity.json in Resources */,
			);
			runOnlyForDeploymentPostprocessing = 0;
		};
/* End PBXResourcesBuildPhase section */

/* Begin PBXSourcesBuildPhase section */
		5230F1A226D1B9CE00AD2EFD /* Sources */ = {
			isa = PBXSourcesBuildPhase;
			buildActionMask = 2147483647;
			files = (
				526DBC6227DECEF50016B534 /* RelatedTopicsView.swift in Sources */,
				5230F1CA26D1B9CE00AD2EFD /* ContentView.swift in Sources */,
				526DBC5D27DECBC90016B534 /* BundleFile.swift in Sources */,
				5230F1C826D1B9CE00AD2EFD /* AnswerMeApp.swift in Sources */,
				52FE32E82A698885009CDD53 /* AnswerableText.swift in Sources */,
				52FE32E62A69801C009CDD53 /* UpdatedAnswerView.swift in Sources */,
				526DBC5127DEC8CC0016B534 /* AnswerView.swift in Sources */,
			);
			runOnlyForDeploymentPostprocessing = 0;
		};
		5230F1AA26D1B9CE00AD2EFD /* Sources */ = {
			isa = PBXSourcesBuildPhase;
			buildActionMask = 2147483647;
			files = (
				526DBC6327DECEF50016B534 /* RelatedTopicsView.swift in Sources */,
				5230F1CB26D1B9CE00AD2EFD /* ContentView.swift in Sources */,
				52FE32E92A698885009CDD53 /* AnswerableText.swift in Sources */,
				526DBC5E27DECBC90016B534 /* BundleFile.swift in Sources */,
				5230F1C926D1B9CE00AD2EFD /* AnswerMeApp.swift in Sources */,
				526DBC5227DEC8CC0016B534 /* AnswerView.swift in Sources */,
			);
			runOnlyForDeploymentPostprocessing = 0;
		};
		5230F1B226D1B9CE00AD2EFD /* Sources */ = {
			isa = PBXSourcesBuildPhase;
			buildActionMask = 2147483647;
			files = (
				5230F1BB26D1B9CE00AD2EFD /* Tests_iOS.swift in Sources */,
				526DBC6427DECEF50016B534 /* RelatedTopicsView.swift in Sources */,
				526DBC5F27DECBC90016B534 /* BundleFile.swift in Sources */,
			);
			runOnlyForDeploymentPostprocessing = 0;
		};
		5230F1BD26D1B9CE00AD2EFD /* Sources */ = {
			isa = PBXSourcesBuildPhase;
			buildActionMask = 2147483647;
			files = (
				5230F1C626D1B9CE00AD2EFD /* Tests_macOS.swift in Sources */,
				526DBC6527DECEF50016B534 /* RelatedTopicsView.swift in Sources */,
				526DBC6027DECBC90016B534 /* BundleFile.swift in Sources */,
			);
			runOnlyForDeploymentPostprocessing = 0;
		};
/* End PBXSourcesBuildPhase section */

/* Begin PBXTargetDependency section */
		5230F1B826D1B9CE00AD2EFD /* PBXTargetDependency */ = {
			isa = PBXTargetDependency;
			target = 5230F1A526D1B9CE00AD2EFD /* AnswerMe (iOS) */;
			targetProxy = 5230F1B726D1B9CE00AD2EFD /* PBXContainerItemProxy */;
		};
		5230F1C326D1B9CE00AD2EFD /* PBXTargetDependency */ = {
			isa = PBXTargetDependency;
			target = 5230F1AD26D1B9CE00AD2EFD /* AnswerMe (macOS) */;
			targetProxy = 5230F1C226D1B9CE00AD2EFD /* PBXContainerItemProxy */;
		};
/* End PBXTargetDependency section */

/* Begin XCBuildConfiguration section */
		5230F1CE26D1B9CE00AD2EFD /* Debug */ = {
			isa = XCBuildConfiguration;
			buildSettings = {
				ALWAYS_SEARCH_USER_PATHS = NO;
				CLANG_ANALYZER_NONNULL = YES;
				CLANG_ANALYZER_NUMBER_OBJECT_CONVERSION = YES_AGGRESSIVE;
				CLANG_CXX_LANGUAGE_STANDARD = "gnu++14";
				CLANG_CXX_LIBRARY = "libc++";
				CLANG_ENABLE_MODULES = YES;
				CLANG_ENABLE_OBJC_ARC = YES;
				CLANG_ENABLE_OBJC_WEAK = YES;
				CLANG_WARN_BLOCK_CAPTURE_AUTORELEASING = YES;
				CLANG_WARN_BOOL_CONVERSION = YES;
				CLANG_WARN_COMMA = YES;
				CLANG_WARN_CONSTANT_CONVERSION = YES;
				CLANG_WARN_DEPRECATED_OBJC_IMPLEMENTATIONS = YES;
				CLANG_WARN_DIRECT_OBJC_ISA_USAGE = YES_ERROR;
				CLANG_WARN_DOCUMENTATION_COMMENTS = YES;
				CLANG_WARN_EMPTY_BODY = YES;
				CLANG_WARN_ENUM_CONVERSION = YES;
				CLANG_WARN_INFINITE_RECURSION = YES;
				CLANG_WARN_INT_CONVERSION = YES;
				CLANG_WARN_NON_LITERAL_NULL_CONVERSION = YES;
				CLANG_WARN_OBJC_IMPLICIT_RETAIN_SELF = YES;
				CLANG_WARN_OBJC_LITERAL_CONVERSION = YES;
				CLANG_WARN_OBJC_ROOT_CLASS = YES_ERROR;
				CLANG_WARN_QUOTED_INCLUDE_IN_FRAMEWORK_HEADER = YES;
				CLANG_WARN_RANGE_LOOP_ANALYSIS = YES;
				CLANG_WARN_STRICT_PROTOTYPES = YES;
				CLANG_WARN_SUSPICIOUS_MOVE = YES;
				CLANG_WARN_UNGUARDED_AVAILABILITY = YES_AGGRESSIVE;
				CLANG_WARN_UNREACHABLE_CODE = YES;
				CLANG_WARN__DUPLICATE_METHOD_MATCH = YES;
				COPY_PHASE_STRIP = NO;
				DEBUG_INFORMATION_FORMAT = dwarf;
				ENABLE_STRICT_OBJC_MSGSEND = YES;
				ENABLE_TESTABILITY = YES;
				GCC_C_LANGUAGE_STANDARD = gnu11;
				GCC_DYNAMIC_NO_PIC = NO;
				GCC_NO_COMMON_BLOCKS = YES;
				GCC_OPTIMIZATION_LEVEL = 0;
				GCC_PREPROCESSOR_DEFINITIONS = (
					"DEBUG=1",
					"$(inherited)",
				);
				GCC_WARN_64_TO_32_BIT_CONVERSION = YES;
				GCC_WARN_ABOUT_RETURN_TYPE = YES_ERROR;
				GCC_WARN_UNDECLARED_SELECTOR = YES;
				GCC_WARN_UNINITIALIZED_AUTOS = YES_AGGRESSIVE;
				GCC_WARN_UNUSED_FUNCTION = YES;
				GCC_WARN_UNUSED_VARIABLE = YES;
				IPHONEOS_DEPLOYMENT_TARGET = 15.0;
				MACOSX_DEPLOYMENT_TARGET = 12.0;
				MTL_ENABLE_DEBUG_INFO = INCLUDE_SOURCE;
				MTL_FAST_MATH = YES;
				ONLY_ACTIVE_ARCH = YES;
				SWIFT_ACTIVE_COMPILATION_CONDITIONS = DEBUG;
				SWIFT_OPTIMIZATION_LEVEL = "-Onone";
			};
			name = Debug;
		};
		5230F1CF26D1B9CE00AD2EFD /* Release */ = {
			isa = XCBuildConfiguration;
			buildSettings = {
				ALWAYS_SEARCH_USER_PATHS = NO;
				CLANG_ANALYZER_NONNULL = YES;
				CLANG_ANALYZER_NUMBER_OBJECT_CONVERSION = YES_AGGRESSIVE;
				CLANG_CXX_LANGUAGE_STANDARD = "gnu++14";
				CLANG_CXX_LIBRARY = "libc++";
				CLANG_ENABLE_MODULES = YES;
				CLANG_ENABLE_OBJC_ARC = YES;
				CLANG_ENABLE_OBJC_WEAK = YES;
				CLANG_WARN_BLOCK_CAPTURE_AUTORELEASING = YES;
				CLANG_WARN_BOOL_CONVERSION = YES;
				CLANG_WARN_COMMA = YES;
				CLANG_WARN_CONSTANT_CONVERSION = YES;
				CLANG_WARN_DEPRECATED_OBJC_IMPLEMENTATIONS = YES;
				CLANG_WARN_DIRECT_OBJC_ISA_USAGE = YES_ERROR;
				CLANG_WARN_DOCUMENTATION_COMMENTS = YES;
				CLANG_WARN_EMPTY_BODY = YES;
				CLANG_WARN_ENUM_CONVERSION = YES;
				CLANG_WARN_INFINITE_RECURSION = YES;
				CLANG_WARN_INT_CONVERSION = YES;
				CLANG_WARN_NON_LITERAL_NULL_CONVERSION = YES;
				CLANG_WARN_OBJC_IMPLICIT_RETAIN_SELF = YES;
				CLANG_WARN_OBJC_LITERAL_CONVERSION = YES;
				CLANG_WARN_OBJC_ROOT_CLASS = YES_ERROR;
				CLANG_WARN_QUOTED_INCLUDE_IN_FRAMEWORK_HEADER = YES;
				CLANG_WARN_RANGE_LOOP_ANALYSIS = YES;
				CLANG_WARN_STRICT_PROTOTYPES = YES;
				CLANG_WARN_SUSPICIOUS_MOVE = YES;
				CLANG_WARN_UNGUARDED_AVAILABILITY = YES_AGGRESSIVE;
				CLANG_WARN_UNREACHABLE_CODE = YES;
				CLANG_WARN__DUPLICATE_METHOD_MATCH = YES;
				COPY_PHASE_STRIP = NO;
				DEBUG_INFORMATION_FORMAT = "dwarf-with-dsym";
				ENABLE_NS_ASSERTIONS = NO;
				ENABLE_STRICT_OBJC_MSGSEND = YES;
				GCC_C_LANGUAGE_STANDARD = gnu11;
				GCC_NO_COMMON_BLOCKS = YES;
				GCC_WARN_64_TO_32_BIT_CONVERSION = YES;
				GCC_WARN_ABOUT_RETURN_TYPE = YES_ERROR;
				GCC_WARN_UNDECLARED_SELECTOR = YES;
				GCC_WARN_UNINITIALIZED_AUTOS = YES_AGGRESSIVE;
				GCC_WARN_UNUSED_FUNCTION = YES;
				GCC_WARN_UNUSED_VARIABLE = YES;
				IPHONEOS_DEPLOYMENT_TARGET = 15.0;
				MACOSX_DEPLOYMENT_TARGET = 12.0;
				MTL_ENABLE_DEBUG_INFO = NO;
				MTL_FAST_MATH = YES;
				SWIFT_COMPILATION_MODE = wholemodule;
				SWIFT_OPTIMIZATION_LEVEL = "-O";
			};
			name = Release;
		};
		5230F1D126D1B9CE00AD2EFD /* Debug */ = {
			isa = XCBuildConfiguration;
			buildSettings = {
				ASSETCATALOG_COMPILER_APPICON_NAME = AppIcon;
				ASSETCATALOG_COMPILER_GLOBAL_ACCENT_COLOR_NAME = AccentColor;
				CODE_SIGN_STYLE = Automatic;
				DEVELOPMENT_TEAM = WRJ8J85K4Q;
				ENABLE_PREVIEWS = YES;
				INFOPLIST_FILE = iOS/Info.plist;
				IPHONEOS_DEPLOYMENT_TARGET = 16.0;
				LD_RUNPATH_SEARCH_PATHS = (
					"$(inherited)",
					"@executable_path/Frameworks",
				);
				PRODUCT_BUNDLE_IDENTIFIER = com.codedbydan.AnswerMe;
				PRODUCT_NAME = AnswerMe;
				SDKROOT = iphoneos;
				SWIFT_VERSION = 5.0;
				TARGETED_DEVICE_FAMILY = "1,2";
			};
			name = Debug;
		};
		5230F1D226D1B9CE00AD2EFD /* Release */ = {
			isa = XCBuildConfiguration;
			buildSettings = {
				ASSETCATALOG_COMPILER_APPICON_NAME = AppIcon;
				ASSETCATALOG_COMPILER_GLOBAL_ACCENT_COLOR_NAME = AccentColor;
				CODE_SIGN_STYLE = Automatic;
				DEVELOPMENT_TEAM = WRJ8J85K4Q;
				ENABLE_PREVIEWS = YES;
				INFOPLIST_FILE = iOS/Info.plist;
				IPHONEOS_DEPLOYMENT_TARGET = 16.0;
				LD_RUNPATH_SEARCH_PATHS = (
					"$(inherited)",
					"@executable_path/Frameworks",
				);
				PRODUCT_BUNDLE_IDENTIFIER = com.codedbydan.AnswerMe;
				PRODUCT_NAME = AnswerMe;
				SDKROOT = iphoneos;
				SWIFT_VERSION = 5.0;
				TARGETED_DEVICE_FAMILY = "1,2";
				VALIDATE_PRODUCT = YES;
			};
			name = Release;
		};
		5230F1D426D1B9CE00AD2EFD /* Debug */ = {
			isa = XCBuildConfiguration;
			buildSettings = {
				ASSETCATALOG_COMPILER_APPICON_NAME = AppIcon;
				ASSETCATALOG_COMPILER_GLOBAL_ACCENT_COLOR_NAME = AccentColor;
				CODE_SIGN_ENTITLEMENTS = macOS/macOS.entitlements;
				CODE_SIGN_STYLE = Automatic;
				COMBINE_HIDPI_IMAGES = YES;
				DEVELOPMENT_TEAM = WRJ8J85K4Q;
				ENABLE_HARDENED_RUNTIME = YES;
				ENABLE_PREVIEWS = YES;
				INFOPLIST_FILE = macOS/Info.plist;
				LD_RUNPATH_SEARCH_PATHS = (
					"$(inherited)",
					"@executable_path/../Frameworks",
				);
				MACOSX_DEPLOYMENT_TARGET = 12.0;
				PRODUCT_BUNDLE_IDENTIFIER = com.codedbydan.AnswerMe;
				PRODUCT_NAME = AnswerMe;
				SDKROOT = macosx;
				SWIFT_VERSION = 5.0;
			};
			name = Debug;
		};
		5230F1D526D1B9CE00AD2EFD /* Release */ = {
			isa = XCBuildConfiguration;
			buildSettings = {
				ASSETCATALOG_COMPILER_APPICON_NAME = AppIcon;
				ASSETCATALOG_COMPILER_GLOBAL_ACCENT_COLOR_NAME = AccentColor;
				CODE_SIGN_ENTITLEMENTS = macOS/macOS.entitlements;
				CODE_SIGN_STYLE = Automatic;
				COMBINE_HIDPI_IMAGES = YES;
				DEVELOPMENT_TEAM = WRJ8J85K4Q;
				ENABLE_HARDENED_RUNTIME = YES;
				ENABLE_PREVIEWS = YES;
				INFOPLIST_FILE = macOS/Info.plist;
				LD_RUNPATH_SEARCH_PATHS = (
					"$(inherited)",
					"@executable_path/../Frameworks",
				);
				MACOSX_DEPLOYMENT_TARGET = 12.0;
				PRODUCT_BUNDLE_IDENTIFIER = com.codedbydan.AnswerMe;
				PRODUCT_NAME = AnswerMe;
				SDKROOT = macosx;
				SWIFT_VERSION = 5.0;
			};
			name = Release;
		};
		5230F1D726D1B9CE00AD2EFD /* Debug */ = {
			isa = XCBuildConfiguration;
			buildSettings = {
				ALWAYS_EMBED_SWIFT_STANDARD_LIBRARIES = YES;
				CODE_SIGN_STYLE = Automatic;
				DEVELOPMENT_TEAM = WRJ8J85K4Q;
				INFOPLIST_FILE = "Tests iOS/Info.plist";
				IPHONEOS_DEPLOYMENT_TARGET = 14.5;
				LD_RUNPATH_SEARCH_PATHS = (
					"$(inherited)",
					"@executable_path/Frameworks",
					"@loader_path/Frameworks",
				);
				PRODUCT_BUNDLE_IDENTIFIER = "com.codedbydan.Tests-iOS";
				PRODUCT_NAME = "$(TARGET_NAME)";
				SDKROOT = iphoneos;
				SWIFT_VERSION = 5.0;
				TARGETED_DEVICE_FAMILY = "1,2";
				TEST_TARGET_NAME = "AnswerMe (iOS)";
			};
			name = Debug;
		};
		5230F1D826D1B9CE00AD2EFD /* Release */ = {
			isa = XCBuildConfiguration;
			buildSettings = {
				ALWAYS_EMBED_SWIFT_STANDARD_LIBRARIES = YES;
				CODE_SIGN_STYLE = Automatic;
				DEVELOPMENT_TEAM = WRJ8J85K4Q;
				INFOPLIST_FILE = "Tests iOS/Info.plist";
				IPHONEOS_DEPLOYMENT_TARGET = 14.5;
				LD_RUNPATH_SEARCH_PATHS = (
					"$(inherited)",
					"@executable_path/Frameworks",
					"@loader_path/Frameworks",
				);
				PRODUCT_BUNDLE_IDENTIFIER = "com.codedbydan.Tests-iOS";
				PRODUCT_NAME = "$(TARGET_NAME)";
				SDKROOT = iphoneos;
				SWIFT_VERSION = 5.0;
				TARGETED_DEVICE_FAMILY = "1,2";
				TEST_TARGET_NAME = "AnswerMe (iOS)";
				VALIDATE_PRODUCT = YES;
			};
			name = Release;
		};
		5230F1DA26D1B9CE00AD2EFD /* Debug */ = {
			isa = XCBuildConfiguration;
			buildSettings = {
				ALWAYS_EMBED_SWIFT_STANDARD_LIBRARIES = YES;
				CODE_SIGN_STYLE = Automatic;
				COMBINE_HIDPI_IMAGES = YES;
				DEVELOPMENT_TEAM = WRJ8J85K4Q;
				INFOPLIST_FILE = "Tests macOS/Info.plist";
				LD_RUNPATH_SEARCH_PATHS = (
					"$(inherited)",
					"@executable_path/../Frameworks",
					"@loader_path/../Frameworks",
				);
				MACOSX_DEPLOYMENT_TARGET = 11.3;
				PRODUCT_BUNDLE_IDENTIFIER = "com.codedbydan.Tests-macOS";
				PRODUCT_NAME = "$(TARGET_NAME)";
				SDKROOT = macosx;
				SWIFT_VERSION = 5.0;
				TEST_TARGET_NAME = "AnswerMe (macOS)";
			};
			name = Debug;
		};
		5230F1DB26D1B9CE00AD2EFD /* Release */ = {
			isa = XCBuildConfiguration;
			buildSettings = {
				ALWAYS_EMBED_SWIFT_STANDARD_LIBRARIES = YES;
				CODE_SIGN_STYLE = Automatic;
				COMBINE_HIDPI_IMAGES = YES;
				DEVELOPMENT_TEAM = WRJ8J85K4Q;
				INFOPLIST_FILE = "Tests macOS/Info.plist";
				LD_RUNPATH_SEARCH_PATHS = (
					"$(inherited)",
					"@executable_path/../Frameworks",
					"@loader_path/../Frameworks",
				);
				MACOSX_DEPLOYMENT_TARGET = 11.3;
				PRODUCT_BUNDLE_IDENTIFIER = "com.codedbydan.Tests-macOS";
				PRODUCT_NAME = "$(TARGET_NAME)";
				SDKROOT = macosx;
				SWIFT_VERSION = 5.0;
				TEST_TARGET_NAME = "AnswerMe (macOS)";
			};
			name = Release;
		};
/* End XCBuildConfiguration section */

/* Begin XCConfigurationList section */
		5230F19D26D1B9CD00AD2EFD /* Build configuration list for PBXProject "AnswerMe" */ = {
			isa = XCConfigurationList;
			buildConfigurations = (
				5230F1CE26D1B9CE00AD2EFD /* Debug */,
				5230F1CF26D1B9CE00AD2EFD /* Release */,
			);
			defaultConfigurationIsVisible = 0;
			defaultConfigurationName = Release;
		};
		5230F1D026D1B9CE00AD2EFD /* Build configuration list for PBXNativeTarget "AnswerMe (iOS)" */ = {
			isa = XCConfigurationList;
			buildConfigurations = (
				5230F1D126D1B9CE00AD2EFD /* Debug */,
				5230F1D226D1B9CE00AD2EFD /* Release */,
			);
			defaultConfigurationIsVisible = 0;
			defaultConfigurationName = Release;
		};
		5230F1D326D1B9CE00AD2EFD /* Build configuration list for PBXNativeTarget "AnswerMe (macOS)" */ = {
			isa = XCConfigurationList;
			buildConfigurations = (
				5230F1D426D1B9CE00AD2EFD /* Debug */,
				5230F1D526D1B9CE00AD2EFD /* Release */,
			);
			defaultConfigurationIsVisible = 0;
			defaultConfigurationName = Release;
		};
		5230F1D626D1B9CE00AD2EFD /* Build configuration list for PBXNativeTarget "Tests iOS" */ = {
			isa = XCConfigurationList;
			buildConfigurations = (
				5230F1D726D1B9CE00AD2EFD /* Debug */,
				5230F1D826D1B9CE00AD2EFD /* Release */,
			);
			defaultConfigurationIsVisible = 0;
			defaultConfigurationName = Release;
		};
		5230F1D926D1B9CE00AD2EFD /* Build configuration list for PBXNativeTarget "Tests macOS" */ = {
			isa = XCConfigurationList;
			buildConfigurations = (
				5230F1DA26D1B9CE00AD2EFD /* Debug */,
				5230F1DB26D1B9CE00AD2EFD /* Release */,
			);
			defaultConfigurationIsVisible = 0;
			defaultConfigurationName = Release;
		};
/* End XCConfigurationList section */

/* Begin XCRemoteSwiftPackageReference section */
		522B792B27DBF3AB007A435D /* XCRemoteSwiftPackageReference "SwifterSwift" */ = {
			isa = XCRemoteSwiftPackageReference;
			repositoryURL = "https://github.com/SwifterSwift/SwifterSwift";
			requirement = {
				kind = upToNextMajorVersion;
				minimumVersion = 5.0.0;
			};
		};
		526DBC4C27DEC13C0016B534 /* XCRemoteSwiftPackageReference "DDGInstantAnswer" */ = {
			isa = XCRemoteSwiftPackageReference;
			repositoryURL = "https://github.com/dan-hart/DDGInstantAnswer";
			requirement = {
				branch = main;
				kind = branch;
			};
		};
/* End XCRemoteSwiftPackageReference section */

/* Begin XCSwiftPackageProductDependency section */
		522B792C27DBF3AB007A435D /* SwifterSwift */ = {
			isa = XCSwiftPackageProductDependency;
			package = 522B792B27DBF3AB007A435D /* XCRemoteSwiftPackageReference "SwifterSwift" */;
			productName = SwifterSwift;
		};
		526DBC4D27DEC13C0016B534 /* DDGInstantAnswer */ = {
			isa = XCSwiftPackageProductDependency;
			package = 526DBC4C27DEC13C0016B534 /* XCRemoteSwiftPackageReference "DDGInstantAnswer" */;
			productName = DDGInstantAnswer;
		};
		526DBC5427DEC9820016B534 /* DDGInstantAnswer */ = {
			isa = XCSwiftPackageProductDependency;
			package = 526DBC4C27DEC13C0016B534 /* XCRemoteSwiftPackageReference "DDGInstantAnswer" */;
			productName = DDGInstantAnswer;
		};
/* End XCSwiftPackageProductDependency section */
	};
	rootObject = 5230F19A26D1B9CD00AD2EFD /* Project object */;
}
